// !$*UTF8*$!
{
	archiveVersion = 1;
	classes = {
	};
	objectVersion = 45;
	objects = {

/* Begin PBXBuildFile section */
		03E9A7291108307300D8EDD8 /* OpenGLES.framework in Frameworks */ = {isa = PBXBuildFile; fileRef = 03E9A7281108307300D8EDD8 /* OpenGLES.framework */; };
		1D3623260D0F684500981E51 /* YorientAppDelegate.m in Sources */ = {isa = PBXBuildFile; fileRef = 1D3623250D0F684500981E51 /* YorientAppDelegate.m */; };
		1D60589B0D05DD56006BFB54 /* main.m in Sources */ = {isa = PBXBuildFile; fileRef = 29B97316FDCFA39411CA2CEA /* main.m */; };
		1D60589F0D05DD5A006BFB54 /* Foundation.framework in Frameworks */ = {isa = PBXBuildFile; fileRef = 1D30AB110D05D00D00671497 /* Foundation.framework */; };
		1DF5F4E00D08C38300B7A737 /* UIKit.framework in Frameworks */ = {isa = PBXBuildFile; fileRef = 1DF5F4DF0D08C38300B7A737 /* UIKit.framework */; };
		280E754D0DD40C5E005A515E /* FlipsideView.xib in Resources */ = {isa = PBXBuildFile; fileRef = 280E754A0DD40C5E005A515E /* FlipsideView.xib */; };
		280E754E0DD40C5E005A515E /* MainView.xib in Resources */ = {isa = PBXBuildFile; fileRef = 280E754B0DD40C5E005A515E /* MainView.xib */; };
		280E754F0DD40C5E005A515E /* MainWindow.xib in Resources */ = {isa = PBXBuildFile; fileRef = 280E754C0DD40C5E005A515E /* MainWindow.xib */; };
		288765590DF743DE002DB57D /* CoreGraphics.framework in Frameworks */ = {isa = PBXBuildFile; fileRef = 288765580DF743DE002DB57D /* CoreGraphics.framework */; };
		289233AE0DB2D0DB0083E9F9 /* MainViewController.m in Sources */ = {isa = PBXBuildFile; fileRef = 289233A90DB2D0DB0083E9F9 /* MainViewController.m */; };
		289233B00DB2D0DB0083E9F9 /* FlipsideViewController.m in Sources */ = {isa = PBXBuildFile; fileRef = 289233AD0DB2D0DB0083E9F9 /* FlipsideViewController.m */; };
		4D1EF21110ACB7AE00BC2081 /* markers.json in Resources */ = {isa = PBXBuildFile; fileRef = 4D1EF21010ACB7AE00BC2081 /* markers.json */; };
		4D1EF38610ACF39C00BC2081 /* Default.png in Resources */ = {isa = PBXBuildFile; fileRef = 4D1EF38410ACF39C00BC2081 /* Default.png */; };
		4D1EF38710ACF39C00BC2081 /* Icon.png in Resources */ = {isa = PBXBuildFile; fileRef = 4D1EF38510ACF39C00BC2081 /* Icon.png */; };
		4D238AFD1214CB9900B8F2D1 /* CoreMotion.framework in Frameworks */ = {isa = PBXBuildFile; fileRef = 4D238AFC1214CB9900B8F2D1 /* CoreMotion.framework */; settings = {ATTRIBUTES = (Weak, ); }; };
		4D40EA4910C5BDA900FB0C20 /* spot_metrix_logo.jpg in Resources */ = {isa = PBXBuildFile; fileRef = 4D40EA4810C5BDA900FB0C20 /* spot_metrix_logo.jpg */; };
		4D40EDCE10C6629700FB0C20 /* focus1.aif in Resources */ = {isa = PBXBuildFile; fileRef = 4D40EDCC10C6629700FB0C20 /* focus1.aif */; };
		4D40EDCF10C6629700FB0C20 /* focus2.aif in Resources */ = {isa = PBXBuildFile; fileRef = 4D40EDCD10C6629700FB0C20 /* focus2.aif */; };
		4D44A2CF10C0893D00A39FF4 /* focus3.aif in Resources */ = {isa = PBXBuildFile; fileRef = 4D44A2CE10C0893D00A39FF4 /* focus3.aif */; };
		4D44A2DE10C08A6700A39FF4 /* AudioToolbox.framework in Frameworks */ = {isa = PBXBuildFile; fileRef = 4D44A2DD10C08A6700A39FF4 /* AudioToolbox.framework */; };
		4D49E3CA11FA71FA00D250FB /* NSDictionary+ParamUtils.m in Sources */ = {isa = PBXBuildFile; fileRef = 4D49E38E11FA71F900D250FB /* NSDictionary+ParamUtils.m */; };
		4D49E3CB11FA71FA00D250FB /* NSObject+InvocationUtils.m in Sources */ = {isa = PBXBuildFile; fileRef = 4D49E39011FA71F900D250FB /* NSObject+InvocationUtils.m */; };
		4D49E3CC11FA71FA00D250FB /* NSString+EscapingUtils.m in Sources */ = {isa = PBXBuildFile; fileRef = 4D49E39211FA71F900D250FB /* NSString+EscapingUtils.m */; };
		4D49E3CD11FA71FA00D250FB /* HRFormatJSON.m in Sources */ = {isa = PBXBuildFile; fileRef = 4D49E39511FA71F900D250FB /* HRFormatJSON.m */; };
		4D49E3CE11FA71FA00D250FB /* HRFormatXML.m in Sources */ = {isa = PBXBuildFile; fileRef = 4D49E39811FA71F900D250FB /* HRFormatXML.m */; };
		4D49E3CF11FA71FA00D250FB /* HRGlobal.m in Sources */ = {isa = PBXBuildFile; fileRef = 4D49E39A11FA71F900D250FB /* HRGlobal.m */; };
		4D49E3D011FA71FA00D250FB /* HROperationQueue.m in Sources */ = {isa = PBXBuildFile; fileRef = 4D49E39C11FA71F900D250FB /* HROperationQueue.m */; };
		4D49E3D111FA71FA00D250FB /* HRRequestOperation.m in Sources */ = {isa = PBXBuildFile; fileRef = 4D49E39E11FA71F900D250FB /* HRRequestOperation.m */; };
		4D49E3D211FA71FA00D250FB /* HRRestModel.m in Sources */ = {isa = PBXBuildFile; fileRef = 4D49E3A111FA71F900D250FB /* HRRestModel.m */; };
		4D49E3D311FA71FA00D250FB /* HRBase64.m in Sources */ = {isa = PBXBuildFile; fileRef = 4D49E3A611FA71F900D250FB /* HRBase64.m */; };
		4D49E3D411FA71FA00D250FB /* AIXMLDocumentSerialize.m in Sources */ = {isa = PBXBuildFile; fileRef = 4D49E3AA11FA71F900D250FB /* AIXMLDocumentSerialize.m */; };
		4D49E3D511FA71FA00D250FB /* AIXMLElementSerialize.m in Sources */ = {isa = PBXBuildFile; fileRef = 4D49E3AC11FA71F900D250FB /* AIXMLElementSerialize.m */; };
		4D49E3D611FA71FA00D250FB /* CREDITS in Resources */ = {isa = PBXBuildFile; fileRef = 4D49E3AF11FA71F900D250FB /* CREDITS */; };
		4D49E3D711FA71FA00D250FB /* NSObject+SBJSON.m in Sources */ = {isa = PBXBuildFile; fileRef = 4D49E3B211FA71F900D250FB /* NSObject+SBJSON.m */; };
		4D49E3D811FA71FA00D250FB /* NSString+SBJSON.m in Sources */ = {isa = PBXBuildFile; fileRef = 4D49E3B411FA71FA00D250FB /* NSString+SBJSON.m */; };
		4D49E3D911FA71FA00D250FB /* SBJSON.m in Sources */ = {isa = PBXBuildFile; fileRef = 4D49E3B611FA71FA00D250FB /* SBJSON.m */; };
		4D49E3DA11FA71FA00D250FB /* SBJsonBase.m in Sources */ = {isa = PBXBuildFile; fileRef = 4D49E3B811FA71FA00D250FB /* SBJsonBase.m */; };
		4D49E3DB11FA71FA00D250FB /* SBJsonParser.m in Sources */ = {isa = PBXBuildFile; fileRef = 4D49E3BA11FA71FA00D250FB /* SBJsonParser.m */; };
		4D49E3DC11FA71FA00D250FB /* SBJsonWriter.m in Sources */ = {isa = PBXBuildFile; fileRef = 4D49E3BC11FA71FA00D250FB /* SBJsonWriter.m */; };
		4D49E3DD11FA71FA00D250FB /* DDXMLDocument.m in Sources */ = {isa = PBXBuildFile; fileRef = 4D49E3C011FA71FA00D250FB /* DDXMLDocument.m */; };
		4D49E3DE11FA71FA00D250FB /* DDXMLElement.m in Sources */ = {isa = PBXBuildFile; fileRef = 4D49E3C211FA71FA00D250FB /* DDXMLElement.m */; };
		4D49E3DF11FA71FA00D250FB /* DDXMLElementAdditions.m in Sources */ = {isa = PBXBuildFile; fileRef = 4D49E3C411FA71FA00D250FB /* DDXMLElementAdditions.m */; };
		4D49E3E011FA71FA00D250FB /* DDXMLNode.m in Sources */ = {isa = PBXBuildFile; fileRef = 4D49E3C611FA71FA00D250FB /* DDXMLNode.m */; };
		4D49E3E111FA71FA00D250FB /* NSStringAdditions.m in Sources */ = {isa = PBXBuildFile; fileRef = 4D49E3C911FA71FA00D250FB /* NSStringAdditions.m */; };
		4D858A5D1141B62700F25004 /* 3dar.plist in Resources */ = {isa = PBXBuildFile; fileRef = 4D8589C81141B62700F25004 /* 3dar.plist */; };
		4D858A5E1141B62700F25004 /* 3dar_logo.png in Resources */ = {isa = PBXBuildFile; fileRef = 4D8589C91141B62700F25004 /* 3dar_logo.png */; };
		4D858A5F1141B62700F25004 /* 3dar_marker_icon1.png in Resources */ = {isa = PBXBuildFile; fileRef = 4D8589CA1141B62700F25004 /* 3dar_marker_icon1.png */; };
		4D858A601141B62700F25004 /* 3dar_marker_icon2.png in Resources */ = {isa = PBXBuildFile; fileRef = 4D8589CB1141B62700F25004 /* 3dar_marker_icon2.png */; };
		4D858A611141B62700F25004 /* 3dar_marker_icon3.png in Resources */ = {isa = PBXBuildFile; fileRef = 4D8589CC1141B62700F25004 /* 3dar_marker_icon3.png */; };
		4D858A621141B62700F25004 /* 3dar_marker_icon4.png in Resources */ = {isa = PBXBuildFile; fileRef = 4D8589CD1141B62700F25004 /* 3dar_marker_icon4.png */; };
		4D858A631141B62700F25004 /* 3dar_marker_icon5.png in Resources */ = {isa = PBXBuildFile; fileRef = 4D8589CE1141B62700F25004 /* 3dar_marker_icon5.png */; };
		4D858A641141B62700F25004 /* 3dar_marker_icon6.png in Resources */ = {isa = PBXBuildFile; fileRef = 4D8589CF1141B62700F25004 /* 3dar_marker_icon6.png */; };
		4D858A651141B62700F25004 /* bubble1.png in Resources */ = {isa = PBXBuildFile; fileRef = 4D8589D01141B62700F25004 /* bubble1.png */; };
		4D858A661141B62700F25004 /* compass_rose.png in Resources */ = {isa = PBXBuildFile; fileRef = 4D8589D11141B62700F25004 /* compass_rose.png */; };
		4D858A671141B62700F25004 /* SM3DAR_keys.txt in Resources */ = {isa = PBXBuildFile; fileRef = 4D8589D31141B62700F25004 /* SM3DAR_keys.txt */; };
		4D858CFF11420EFD00F25004 /* bubble2.png in Resources */ = {isa = PBXBuildFile; fileRef = 4D858CFE11420EFD00F25004 /* bubble2.png */; };
		4D8B38FC10B1E3D8008F49F3 /* markers_greendragon.json in Resources */ = {isa = PBXBuildFile; fileRef = 4D8B38FB10B1E3D8008F49F3 /* markers_greendragon.json */; };
		4DB264EE10DBEF7F00AC4DA0 /* markers_lakeoswego.json in Resources */ = {isa = PBXBuildFile; fileRef = 4DB264ED10DBEF7F00AC4DA0 /* markers_lakeoswego.json */; };
		4DBDE09C10AA2318005041C0 /* CoreLocation.framework in Frameworks */ = {isa = PBXBuildFile; fileRef = 4DBDE09B10AA2318005041C0 /* CoreLocation.framework */; };
		4DBDE0A010AA2349005041C0 /* QuartzCore.framework in Frameworks */ = {isa = PBXBuildFile; fileRef = 4DBDE09F10AA2349005041C0 /* QuartzCore.framework */; };
		4DBDE0A410AA235C005041C0 /* MapKit.framework in Frameworks */ = {isa = PBXBuildFile; fileRef = 4DBDE0A310AA235C005041C0 /* MapKit.framework */; };
		4DBDE47B10AAED23005041C0 /* markers_opensourcery.json in Resources */ = {isa = PBXBuildFile; fileRef = 4DBDE45210AAEC49005041C0 /* markers_opensourcery.json */; };
		4DE044E012088D6300011785 /* libxml2.dylib in Frameworks */ = {isa = PBXBuildFile; fileRef = 4DE044DF12088D6300011785 /* libxml2.dylib */; };
		4DEF735E11A3618B00CE34D2 /* BubbleMarkerView.m in Sources */ = {isa = PBXBuildFile; fileRef = 4DEF733D11A3618B00CE34D2 /* BubbleMarkerView.m */; };
		4DEF736011A3618B00CE34D2 /* YahooLocalSearch.m in Sources */ = {isa = PBXBuildFile; fileRef = 4DEF734211A3618B00CE34D2 /* YahooLocalSearch.m */; };
		4DEF736111A3618B00CE34D2 /* BSJSONEncoder.m in Sources */ = {isa = PBXBuildFile; fileRef = 4DEF734611A3618B00CE34D2 /* BSJSONEncoder.m */; };
		4DEF736211A3618B00CE34D2 /* NSArray+BSJSONAdditions.m in Sources */ = {isa = PBXBuildFile; fileRef = 4DEF734811A3618B00CE34D2 /* NSArray+BSJSONAdditions.m */; };
		4DEF736311A3618B00CE34D2 /* NSDictionary+BSJSONAdditions.m in Sources */ = {isa = PBXBuildFile; fileRef = 4DEF734A11A3618B00CE34D2 /* NSDictionary+BSJSONAdditions.m */; };
		4DEF736411A3618B00CE34D2 /* NSScanner+BSJSONAdditions.m in Sources */ = {isa = PBXBuildFile; fileRef = 4DEF734C11A3618B00CE34D2 /* NSScanner+BSJSONAdditions.m */; };
		4DEF736511A3618B00CE34D2 /* NSString+BSJSONAdditions.m in Sources */ = {isa = PBXBuildFile; fileRef = 4DEF734E11A3618B00CE34D2 /* NSString+BSJSONAdditions.m */; };
		4DEF736611A3618B00CE34D2 /* UIApplication_TLCommon.m in Sources */ = {isa = PBXBuildFile; fileRef = 4DEF735B11A3618B00CE34D2 /* UIApplication_TLCommon.m */; };
		4DEF736711A3618B00CE34D2 /* UIColor_Expanded.m in Sources */ = {isa = PBXBuildFile; fileRef = 4DEF735D11A3618B00CE34D2 /* UIColor_Expanded.m */; };
		4DF90E0F10F1735900B8D74B /* UIApplication_TLCommon.m in Sources */ = {isa = PBXBuildFile; fileRef = 4DF90E0E10F1735900B8D74B /* UIApplication_TLCommon.m */; };
		A6EF0FE6129DEE6800C93FEE /* lib3DAR_v4_0_7_b1.a in Frameworks */ = {isa = PBXBuildFile; fileRef = A6EF0FE5129DEE6800C93FEE /* lib3DAR_v4_0_7_b1.a */; };
/* End PBXBuildFile section */

/* Begin PBXFileReference section */
		03E9A7281108307300D8EDD8 /* OpenGLES.framework */ = {isa = PBXFileReference; lastKnownFileType = wrapper.framework; name = OpenGLES.framework; path = System/Library/Frameworks/OpenGLES.framework; sourceTree = SDKROOT; };
		1D30AB110D05D00D00671497 /* Foundation.framework */ = {isa = PBXFileReference; lastKnownFileType = wrapper.framework; name = Foundation.framework; path = System/Library/Frameworks/Foundation.framework; sourceTree = SDKROOT; };
		1D3623240D0F684500981E51 /* YorientAppDelegate.h */ = {isa = PBXFileReference; fileEncoding = 4; lastKnownFileType = sourcecode.c.h; path = YorientAppDelegate.h; sourceTree = "<group>"; };
		1D3623250D0F684500981E51 /* YorientAppDelegate.m */ = {isa = PBXFileReference; fileEncoding = 4; lastKnownFileType = sourcecode.c.objc; path = YorientAppDelegate.m; sourceTree = "<group>"; };
		1D6058910D05DD3D006BFB54 /* Yorient.app */ = {isa = PBXFileReference; explicitFileType = wrapper.application; includeInIndex = 0; path = Yorient.app; sourceTree = BUILT_PRODUCTS_DIR; };
		1DF5F4DF0D08C38300B7A737 /* UIKit.framework */ = {isa = PBXFileReference; lastKnownFileType = wrapper.framework; name = UIKit.framework; path = System/Library/Frameworks/UIKit.framework; sourceTree = SDKROOT; };
		280E754A0DD40C5E005A515E /* FlipsideView.xib */ = {isa = PBXFileReference; lastKnownFileType = file.xib; path = FlipsideView.xib; sourceTree = "<group>"; };
		280E754B0DD40C5E005A515E /* MainView.xib */ = {isa = PBXFileReference; lastKnownFileType = file.xib; path = MainView.xib; sourceTree = "<group>"; };
		280E754C0DD40C5E005A515E /* MainWindow.xib */ = {isa = PBXFileReference; lastKnownFileType = file.xib; path = MainWindow.xib; sourceTree = "<group>"; };
		288765580DF743DE002DB57D /* CoreGraphics.framework */ = {isa = PBXFileReference; lastKnownFileType = wrapper.framework; name = CoreGraphics.framework; path = System/Library/Frameworks/CoreGraphics.framework; sourceTree = SDKROOT; };
		289233A80DB2D0DB0083E9F9 /* MainViewController.h */ = {isa = PBXFileReference; fileEncoding = 4; lastKnownFileType = sourcecode.c.h; name = MainViewController.h; path = Classes/MainViewController.h; sourceTree = "<group>"; };
		289233A90DB2D0DB0083E9F9 /* MainViewController.m */ = {isa = PBXFileReference; fileEncoding = 4; lastKnownFileType = sourcecode.c.objc; name = MainViewController.m; path = Classes/MainViewController.m; sourceTree = "<group>"; };
		289233AC0DB2D0DB0083E9F9 /* FlipsideViewController.h */ = {isa = PBXFileReference; fileEncoding = 4; lastKnownFileType = sourcecode.c.h; name = FlipsideViewController.h; path = Classes/FlipsideViewController.h; sourceTree = "<group>"; };
		289233AD0DB2D0DB0083E9F9 /* FlipsideViewController.m */ = {isa = PBXFileReference; fileEncoding = 4; lastKnownFileType = sourcecode.c.objc; name = FlipsideViewController.m; path = Classes/FlipsideViewController.m; sourceTree = "<group>"; };
		29B97316FDCFA39411CA2CEA /* main.m */ = {isa = PBXFileReference; fileEncoding = 4; lastKnownFileType = sourcecode.c.objc; path = main.m; sourceTree = "<group>"; };
		32CA4F630368D1EE00C91783 /* Yorient_Prefix.pch */ = {isa = PBXFileReference; fileEncoding = 4; lastKnownFileType = sourcecode.c.h; path = Yorient_Prefix.pch; sourceTree = "<group>"; };
		4D1EF21010ACB7AE00BC2081 /* markers.json */ = {isa = PBXFileReference; fileEncoding = 4; lastKnownFileType = text; path = markers.json; sourceTree = "<group>"; };
		4D1EF38410ACF39C00BC2081 /* Default.png */ = {isa = PBXFileReference; lastKnownFileType = image.png; path = Default.png; sourceTree = "<group>"; };
		4D1EF38510ACF39C00BC2081 /* Icon.png */ = {isa = PBXFileReference; lastKnownFileType = image.png; path = Icon.png; sourceTree = "<group>"; };
		4D238AFC1214CB9900B8F2D1 /* CoreMotion.framework */ = {isa = PBXFileReference; lastKnownFileType = wrapper.framework; name = CoreMotion.framework; path = System/Library/Frameworks/CoreMotion.framework; sourceTree = SDKROOT; };
		4D40EA4810C5BDA900FB0C20 /* spot_metrix_logo.jpg */ = {isa = PBXFileReference; lastKnownFileType = image.jpeg; path = spot_metrix_logo.jpg; sourceTree = "<group>"; };
		4D40EDCC10C6629700FB0C20 /* focus1.aif */ = {isa = PBXFileReference; lastKnownFileType = file; path = focus1.aif; sourceTree = "<group>"; };
		4D40EDCD10C6629700FB0C20 /* focus2.aif */ = {isa = PBXFileReference; lastKnownFileType = file; path = focus2.aif; sourceTree = "<group>"; };
		4D44A2CE10C0893D00A39FF4 /* focus3.aif */ = {isa = PBXFileReference; lastKnownFileType = file; path = focus3.aif; sourceTree = "<group>"; };
		4D44A2DD10C08A6700A39FF4 /* AudioToolbox.framework */ = {isa = PBXFileReference; lastKnownFileType = wrapper.framework; name = AudioToolbox.framework; path = System/Library/Frameworks/AudioToolbox.framework; sourceTree = SDKROOT; };
		4D49E38D11FA71F900D250FB /* NSDictionary+ParamUtils.h */ = {isa = PBXFileReference; fileEncoding = 4; lastKnownFileType = sourcecode.c.h; path = "NSDictionary+ParamUtils.h"; sourceTree = "<group>"; };
		4D49E38E11FA71F900D250FB /* NSDictionary+ParamUtils.m */ = {isa = PBXFileReference; fileEncoding = 4; lastKnownFileType = sourcecode.c.objc; path = "NSDictionary+ParamUtils.m"; sourceTree = "<group>"; };
		4D49E38F11FA71F900D250FB /* NSObject+InvocationUtils.h */ = {isa = PBXFileReference; fileEncoding = 4; lastKnownFileType = sourcecode.c.h; path = "NSObject+InvocationUtils.h"; sourceTree = "<group>"; };
		4D49E39011FA71F900D250FB /* NSObject+InvocationUtils.m */ = {isa = PBXFileReference; fileEncoding = 4; lastKnownFileType = sourcecode.c.objc; path = "NSObject+InvocationUtils.m"; sourceTree = "<group>"; };
		4D49E39111FA71F900D250FB /* NSString+EscapingUtils.h */ = {isa = PBXFileReference; fileEncoding = 4; lastKnownFileType = sourcecode.c.h; path = "NSString+EscapingUtils.h"; sourceTree = "<group>"; };
		4D49E39211FA71F900D250FB /* NSString+EscapingUtils.m */ = {isa = PBXFileReference; fileEncoding = 4; lastKnownFileType = sourcecode.c.objc; path = "NSString+EscapingUtils.m"; sourceTree = "<group>"; };
		4D49E39411FA71F900D250FB /* HRFormatJSON.h */ = {isa = PBXFileReference; fileEncoding = 4; lastKnownFileType = sourcecode.c.h; path = HRFormatJSON.h; sourceTree = "<group>"; };
		4D49E39511FA71F900D250FB /* HRFormatJSON.m */ = {isa = PBXFileReference; fileEncoding = 4; lastKnownFileType = sourcecode.c.objc; path = HRFormatJSON.m; sourceTree = "<group>"; };
		4D49E39611FA71F900D250FB /* HRFormatterProtocol.h */ = {isa = PBXFileReference; fileEncoding = 4; lastKnownFileType = sourcecode.c.h; path = HRFormatterProtocol.h; sourceTree = "<group>"; };
		4D49E39711FA71F900D250FB /* HRFormatXML.h */ = {isa = PBXFileReference; fileEncoding = 4; lastKnownFileType = sourcecode.c.h; path = HRFormatXML.h; sourceTree = "<group>"; };
		4D49E39811FA71F900D250FB /* HRFormatXML.m */ = {isa = PBXFileReference; fileEncoding = 4; lastKnownFileType = sourcecode.c.objc; path = HRFormatXML.m; sourceTree = "<group>"; };
		4D49E39911FA71F900D250FB /* HRGlobal.h */ = {isa = PBXFileReference; fileEncoding = 4; lastKnownFileType = sourcecode.c.h; path = HRGlobal.h; sourceTree = "<group>"; };
		4D49E39A11FA71F900D250FB /* HRGlobal.m */ = {isa = PBXFileReference; fileEncoding = 4; lastKnownFileType = sourcecode.c.objc; path = HRGlobal.m; sourceTree = "<group>"; };
		4D49E39B11FA71F900D250FB /* HROperationQueue.h */ = {isa = PBXFileReference; fileEncoding = 4; lastKnownFileType = sourcecode.c.h; path = HROperationQueue.h; sourceTree = "<group>"; };
		4D49E39C11FA71F900D250FB /* HROperationQueue.m */ = {isa = PBXFileReference; fileEncoding = 4; lastKnownFileType = sourcecode.c.objc; path = HROperationQueue.m; sourceTree = "<group>"; };
		4D49E39D11FA71F900D250FB /* HRRequestOperation.h */ = {isa = PBXFileReference; fileEncoding = 4; lastKnownFileType = sourcecode.c.h; path = HRRequestOperation.h; sourceTree = "<group>"; };
		4D49E39E11FA71F900D250FB /* HRRequestOperation.m */ = {isa = PBXFileReference; fileEncoding = 4; lastKnownFileType = sourcecode.c.objc; path = HRRequestOperation.m; sourceTree = "<group>"; };
		4D49E39F11FA71F900D250FB /* HRResponseDelegate.h */ = {isa = PBXFileReference; fileEncoding = 4; lastKnownFileType = sourcecode.c.h; path = HRResponseDelegate.h; sourceTree = "<group>"; };
		4D49E3A011FA71F900D250FB /* HRRestModel.h */ = {isa = PBXFileReference; fileEncoding = 4; lastKnownFileType = sourcecode.c.h; path = HRRestModel.h; sourceTree = "<group>"; };
		4D49E3A111FA71F900D250FB /* HRRestModel.m */ = {isa = PBXFileReference; fileEncoding = 4; lastKnownFileType = sourcecode.c.objc; path = HRRestModel.m; sourceTree = "<group>"; };
		4D49E3A211FA71F900D250FB /* HTTPRiot.h */ = {isa = PBXFileReference; fileEncoding = 4; lastKnownFileType = sourcecode.c.h; path = HTTPRiot.h; sourceTree = "<group>"; };
		4D49E3A311FA71F900D250FB /* HTTPRiot_Prefix.pch */ = {isa = PBXFileReference; fileEncoding = 4; lastKnownFileType = sourcecode.c.h; path = HTTPRiot_Prefix.pch; sourceTree = "<group>"; };
		4D49E3A511FA71F900D250FB /* HRBase64.h */ = {isa = PBXFileReference; fileEncoding = 4; lastKnownFileType = sourcecode.c.h; path = HRBase64.h; sourceTree = "<group>"; };
		4D49E3A611FA71F900D250FB /* HRBase64.m */ = {isa = PBXFileReference; fileEncoding = 4; lastKnownFileType = sourcecode.c.objc; path = HRBase64.m; sourceTree = "<group>"; };
		4D49E3A911FA71F900D250FB /* AIXMLDocumentSerialize.h */ = {isa = PBXFileReference; fileEncoding = 4; lastKnownFileType = sourcecode.c.h; path = AIXMLDocumentSerialize.h; sourceTree = "<group>"; };
		4D49E3AA11FA71F900D250FB /* AIXMLDocumentSerialize.m */ = {isa = PBXFileReference; fileEncoding = 4; lastKnownFileType = sourcecode.c.objc; path = AIXMLDocumentSerialize.m; sourceTree = "<group>"; };
		4D49E3AB11FA71F900D250FB /* AIXMLElementSerialize.h */ = {isa = PBXFileReference; fileEncoding = 4; lastKnownFileType = sourcecode.c.h; path = AIXMLElementSerialize.h; sourceTree = "<group>"; };
		4D49E3AC11FA71F900D250FB /* AIXMLElementSerialize.m */ = {isa = PBXFileReference; fileEncoding = 4; lastKnownFileType = sourcecode.c.objc; path = AIXMLElementSerialize.m; sourceTree = "<group>"; };
		4D49E3AD11FA71F900D250FB /* AIXMLSerialization.h */ = {isa = PBXFileReference; fileEncoding = 4; lastKnownFileType = sourcecode.c.h; path = AIXMLSerialization.h; sourceTree = "<group>"; };
		4D49E3AF11FA71F900D250FB /* CREDITS */ = {isa = PBXFileReference; fileEncoding = 4; lastKnownFileType = text; path = CREDITS; sourceTree = "<group>"; };
		4D49E3B011FA71F900D250FB /* JSON.h */ = {isa = PBXFileReference; fileEncoding = 4; lastKnownFileType = sourcecode.c.h; path = JSON.h; sourceTree = "<group>"; };
		4D49E3B111FA71F900D250FB /* NSObject+SBJSON.h */ = {isa = PBXFileReference; fileEncoding = 4; lastKnownFileType = sourcecode.c.h; path = "NSObject+SBJSON.h"; sourceTree = "<group>"; };
		4D49E3B211FA71F900D250FB /* NSObject+SBJSON.m */ = {isa = PBXFileReference; fileEncoding = 4; lastKnownFileType = sourcecode.c.objc; path = "NSObject+SBJSON.m"; sourceTree = "<group>"; };
		4D49E3B311FA71F900D250FB /* NSString+SBJSON.h */ = {isa = PBXFileReference; fileEncoding = 4; lastKnownFileType = sourcecode.c.h; path = "NSString+SBJSON.h"; sourceTree = "<group>"; };
		4D49E3B411FA71FA00D250FB /* NSString+SBJSON.m */ = {isa = PBXFileReference; fileEncoding = 4; lastKnownFileType = sourcecode.c.objc; path = "NSString+SBJSON.m"; sourceTree = "<group>"; };
		4D49E3B511FA71FA00D250FB /* SBJSON.h */ = {isa = PBXFileReference; fileEncoding = 4; lastKnownFileType = sourcecode.c.h; path = SBJSON.h; sourceTree = "<group>"; };
		4D49E3B611FA71FA00D250FB /* SBJSON.m */ = {isa = PBXFileReference; fileEncoding = 4; lastKnownFileType = sourcecode.c.objc; path = SBJSON.m; sourceTree = "<group>"; };
		4D49E3B711FA71FA00D250FB /* SBJsonBase.h */ = {isa = PBXFileReference; fileEncoding = 4; lastKnownFileType = sourcecode.c.h; path = SBJsonBase.h; sourceTree = "<group>"; };
		4D49E3B811FA71FA00D250FB /* SBJsonBase.m */ = {isa = PBXFileReference; fileEncoding = 4; lastKnownFileType = sourcecode.c.objc; path = SBJsonBase.m; sourceTree = "<group>"; };
		4D49E3B911FA71FA00D250FB /* SBJsonParser.h */ = {isa = PBXFileReference; fileEncoding = 4; lastKnownFileType = sourcecode.c.h; path = SBJsonParser.h; sourceTree = "<group>"; };
		4D49E3BA11FA71FA00D250FB /* SBJsonParser.m */ = {isa = PBXFileReference; fileEncoding = 4; lastKnownFileType = sourcecode.c.objc; path = SBJsonParser.m; sourceTree = "<group>"; };
		4D49E3BB11FA71FA00D250FB /* SBJsonWriter.h */ = {isa = PBXFileReference; fileEncoding = 4; lastKnownFileType = sourcecode.c.h; path = SBJsonWriter.h; sourceTree = "<group>"; };
		4D49E3BC11FA71FA00D250FB /* SBJsonWriter.m */ = {isa = PBXFileReference; fileEncoding = 4; lastKnownFileType = sourcecode.c.objc; path = SBJsonWriter.m; sourceTree = "<group>"; };
		4D49E3BE11FA71FA00D250FB /* DDXML.h */ = {isa = PBXFileReference; fileEncoding = 4; lastKnownFileType = sourcecode.c.h; path = DDXML.h; sourceTree = "<group>"; };
		4D49E3BF11FA71FA00D250FB /* DDXMLDocument.h */ = {isa = PBXFileReference; fileEncoding = 4; lastKnownFileType = sourcecode.c.h; path = DDXMLDocument.h; sourceTree = "<group>"; };
		4D49E3C011FA71FA00D250FB /* DDXMLDocument.m */ = {isa = PBXFileReference; fileEncoding = 4; lastKnownFileType = sourcecode.c.objc; path = DDXMLDocument.m; sourceTree = "<group>"; };
		4D49E3C111FA71FA00D250FB /* DDXMLElement.h */ = {isa = PBXFileReference; fileEncoding = 4; lastKnownFileType = sourcecode.c.h; path = DDXMLElement.h; sourceTree = "<group>"; };
		4D49E3C211FA71FA00D250FB /* DDXMLElement.m */ = {isa = PBXFileReference; fileEncoding = 4; lastKnownFileType = sourcecode.c.objc; path = DDXMLElement.m; sourceTree = "<group>"; };
		4D49E3C311FA71FA00D250FB /* DDXMLElementAdditions.h */ = {isa = PBXFileReference; fileEncoding = 4; lastKnownFileType = sourcecode.c.h; path = DDXMLElementAdditions.h; sourceTree = "<group>"; };
		4D49E3C411FA71FA00D250FB /* DDXMLElementAdditions.m */ = {isa = PBXFileReference; fileEncoding = 4; lastKnownFileType = sourcecode.c.objc; path = DDXMLElementAdditions.m; sourceTree = "<group>"; };
		4D49E3C511FA71FA00D250FB /* DDXMLNode.h */ = {isa = PBXFileReference; fileEncoding = 4; lastKnownFileType = sourcecode.c.h; path = DDXMLNode.h; sourceTree = "<group>"; };
		4D49E3C611FA71FA00D250FB /* DDXMLNode.m */ = {isa = PBXFileReference; fileEncoding = 4; lastKnownFileType = sourcecode.c.objc; path = DDXMLNode.m; sourceTree = "<group>"; };
		4D49E3C711FA71FA00D250FB /* DDXMLPrivate.h */ = {isa = PBXFileReference; fileEncoding = 4; lastKnownFileType = sourcecode.c.h; path = DDXMLPrivate.h; sourceTree = "<group>"; };
		4D49E3C811FA71FA00D250FB /* NSStringAdditions.h */ = {isa = PBXFileReference; fileEncoding = 4; lastKnownFileType = sourcecode.c.h; path = NSStringAdditions.h; sourceTree = "<group>"; };
		4D49E3C911FA71FA00D250FB /* NSStringAdditions.m */ = {isa = PBXFileReference; fileEncoding = 4; lastKnownFileType = sourcecode.c.objc; path = NSStringAdditions.m; sourceTree = "<group>"; };
		4D8589C81141B62700F25004 /* 3dar.plist */ = {isa = PBXFileReference; fileEncoding = 4; lastKnownFileType = text.plist.xml; path = 3dar.plist; sourceTree = "<group>"; };
		4D8589C91141B62700F25004 /* 3dar_logo.png */ = {isa = PBXFileReference; lastKnownFileType = image.png; path = 3dar_logo.png; sourceTree = "<group>"; };
		4D8589CA1141B62700F25004 /* 3dar_marker_icon1.png */ = {isa = PBXFileReference; lastKnownFileType = image.png; path = 3dar_marker_icon1.png; sourceTree = "<group>"; };
		4D8589CB1141B62700F25004 /* 3dar_marker_icon2.png */ = {isa = PBXFileReference; lastKnownFileType = image.png; path = 3dar_marker_icon2.png; sourceTree = "<group>"; };
		4D8589CC1141B62700F25004 /* 3dar_marker_icon3.png */ = {isa = PBXFileReference; lastKnownFileType = image.png; path = 3dar_marker_icon3.png; sourceTree = "<group>"; };
		4D8589CD1141B62700F25004 /* 3dar_marker_icon4.png */ = {isa = PBXFileReference; lastKnownFileType = image.png; path = 3dar_marker_icon4.png; sourceTree = "<group>"; };
		4D8589CE1141B62700F25004 /* 3dar_marker_icon5.png */ = {isa = PBXFileReference; lastKnownFileType = image.png; path = 3dar_marker_icon5.png; sourceTree = "<group>"; };
		4D8589CF1141B62700F25004 /* 3dar_marker_icon6.png */ = {isa = PBXFileReference; lastKnownFileType = image.png; path = 3dar_marker_icon6.png; sourceTree = "<group>"; };
		4D8589D01141B62700F25004 /* bubble1.png */ = {isa = PBXFileReference; lastKnownFileType = image.png; path = bubble1.png; sourceTree = "<group>"; };
		4D8589D11141B62700F25004 /* compass_rose.png */ = {isa = PBXFileReference; lastKnownFileType = image.png; path = compass_rose.png; sourceTree = "<group>"; };
		4D8589D21141B62700F25004 /* SM3DAR.h */ = {isa = PBXFileReference; fileEncoding = 4; lastKnownFileType = sourcecode.c.h; path = SM3DAR.h; sourceTree = "<group>"; };
		4D8589D31141B62700F25004 /* SM3DAR_keys.txt */ = {isa = PBXFileReference; fileEncoding = 4; lastKnownFileType = text; path = SM3DAR_keys.txt; sourceTree = "<group>"; };
		4D858CFE11420EFD00F25004 /* bubble2.png */ = {isa = PBXFileReference; lastKnownFileType = image.png; path = bubble2.png; sourceTree = "<group>"; };
		4D8B38FB10B1E3D8008F49F3 /* markers_greendragon.json */ = {isa = PBXFileReference; fileEncoding = 4; lastKnownFileType = text; path = markers_greendragon.json; sourceTree = "<group>"; };
		4DB264ED10DBEF7F00AC4DA0 /* markers_lakeoswego.json */ = {isa = PBXFileReference; fileEncoding = 4; lastKnownFileType = text; path = markers_lakeoswego.json; sourceTree = "<group>"; };
		4DBDE09B10AA2318005041C0 /* CoreLocation.framework */ = {isa = PBXFileReference; lastKnownFileType = wrapper.framework; name = CoreLocation.framework; path = System/Library/Frameworks/CoreLocation.framework; sourceTree = SDKROOT; };
		4DBDE09F10AA2349005041C0 /* QuartzCore.framework */ = {isa = PBXFileReference; lastKnownFileType = wrapper.framework; name = QuartzCore.framework; path = System/Library/Frameworks/QuartzCore.framework; sourceTree = SDKROOT; };
		4DBDE0A310AA235C005041C0 /* MapKit.framework */ = {isa = PBXFileReference; lastKnownFileType = wrapper.framework; name = MapKit.framework; path = System/Library/Frameworks/MapKit.framework; sourceTree = SDKROOT; };
		4DBDE45210AAEC49005041C0 /* markers_opensourcery.json */ = {isa = PBXFileReference; fileEncoding = 4; lastKnownFileType = text; path = markers_opensourcery.json; sourceTree = "<group>"; };
		4DE044DF12088D6300011785 /* libxml2.dylib */ = {isa = PBXFileReference; lastKnownFileType = "compiled.mach-o.dylib"; name = libxml2.dylib; path = usr/lib/libxml2.dylib; sourceTree = SDKROOT; };
		4DEF733C11A3618B00CE34D2 /* BubbleMarkerView.h */ = {isa = PBXFileReference; fileEncoding = 4; lastKnownFileType = sourcecode.c.h; path = BubbleMarkerView.h; sourceTree = "<group>"; };
		4DEF733D11A3618B00CE34D2 /* BubbleMarkerView.m */ = {isa = PBXFileReference; fileEncoding = 4; lastKnownFileType = sourcecode.c.objc; path = BubbleMarkerView.m; sourceTree = "<group>"; };
		4DEF734111A3618B00CE34D2 /* YahooLocalSearch.h */ = {isa = PBXFileReference; fileEncoding = 4; lastKnownFileType = sourcecode.c.h; path = YahooLocalSearch.h; sourceTree = "<group>"; };
		4DEF734211A3618B00CE34D2 /* YahooLocalSearch.m */ = {isa = PBXFileReference; fileEncoding = 4; lastKnownFileType = sourcecode.c.objc; path = YahooLocalSearch.m; sourceTree = "<group>"; };
		4DEF734511A3618B00CE34D2 /* BSJSONEncoder.h */ = {isa = PBXFileReference; fileEncoding = 4; lastKnownFileType = sourcecode.c.h; path = BSJSONEncoder.h; sourceTree = "<group>"; };
		4DEF734611A3618B00CE34D2 /* BSJSONEncoder.m */ = {isa = PBXFileReference; fileEncoding = 4; lastKnownFileType = sourcecode.c.objc; path = BSJSONEncoder.m; sourceTree = "<group>"; };
		4DEF734711A3618B00CE34D2 /* NSArray+BSJSONAdditions.h */ = {isa = PBXFileReference; fileEncoding = 4; lastKnownFileType = sourcecode.c.h; path = "NSArray+BSJSONAdditions.h"; sourceTree = "<group>"; };
		4DEF734811A3618B00CE34D2 /* NSArray+BSJSONAdditions.m */ = {isa = PBXFileReference; fileEncoding = 4; lastKnownFileType = sourcecode.c.objc; path = "NSArray+BSJSONAdditions.m"; sourceTree = "<group>"; };
		4DEF734911A3618B00CE34D2 /* NSDictionary+BSJSONAdditions.h */ = {isa = PBXFileReference; fileEncoding = 4; lastKnownFileType = sourcecode.c.h; path = "NSDictionary+BSJSONAdditions.h"; sourceTree = "<group>"; };
		4DEF734A11A3618B00CE34D2 /* NSDictionary+BSJSONAdditions.m */ = {isa = PBXFileReference; fileEncoding = 4; lastKnownFileType = sourcecode.c.objc; path = "NSDictionary+BSJSONAdditions.m"; sourceTree = "<group>"; };
		4DEF734B11A3618B00CE34D2 /* NSScanner+BSJSONAdditions.h */ = {isa = PBXFileReference; fileEncoding = 4; lastKnownFileType = sourcecode.c.h; path = "NSScanner+BSJSONAdditions.h"; sourceTree = "<group>"; };
		4DEF734C11A3618B00CE34D2 /* NSScanner+BSJSONAdditions.m */ = {isa = PBXFileReference; fileEncoding = 4; lastKnownFileType = sourcecode.c.objc; path = "NSScanner+BSJSONAdditions.m"; sourceTree = "<group>"; };
		4DEF734D11A3618B00CE34D2 /* NSString+BSJSONAdditions.h */ = {isa = PBXFileReference; fileEncoding = 4; lastKnownFileType = sourcecode.c.h; path = "NSString+BSJSONAdditions.h"; sourceTree = "<group>"; };
		4DEF734E11A3618B00CE34D2 /* NSString+BSJSONAdditions.m */ = {isa = PBXFileReference; fileEncoding = 4; lastKnownFileType = sourcecode.c.objc; path = "NSString+BSJSONAdditions.m"; sourceTree = "<group>"; };
		4DEF735A11A3618B00CE34D2 /* UIApplication_TLCommon.h */ = {isa = PBXFileReference; fileEncoding = 4; lastKnownFileType = sourcecode.c.h; path = UIApplication_TLCommon.h; sourceTree = "<group>"; };
		4DEF735B11A3618B00CE34D2 /* UIApplication_TLCommon.m */ = {isa = PBXFileReference; fileEncoding = 4; lastKnownFileType = sourcecode.c.objc; path = UIApplication_TLCommon.m; sourceTree = "<group>"; };
		4DEF735C11A3618B00CE34D2 /* UIColor_Expanded.h */ = {isa = PBXFileReference; fileEncoding = 4; lastKnownFileType = sourcecode.c.h; path = UIColor_Expanded.h; sourceTree = "<group>"; };
		4DEF735D11A3618B00CE34D2 /* UIColor_Expanded.m */ = {isa = PBXFileReference; fileEncoding = 4; lastKnownFileType = sourcecode.c.objc; path = UIColor_Expanded.m; sourceTree = "<group>"; };
		4DF90E0D10F1735900B8D74B /* UIApplication_TLCommon.h */ = {isa = PBXFileReference; fileEncoding = 4; lastKnownFileType = sourcecode.c.h; path = UIApplication_TLCommon.h; sourceTree = "<group>"; };
		4DF90E0E10F1735900B8D74B /* UIApplication_TLCommon.m */ = {isa = PBXFileReference; fileEncoding = 4; lastKnownFileType = sourcecode.c.objc; path = UIApplication_TLCommon.m; sourceTree = "<group>"; };
		8D1107310486CEB800E47090 /* Yorient-Info.plist */ = {isa = PBXFileReference; fileEncoding = 4; lastKnownFileType = text.plist.xml; path = "Yorient-Info.plist"; plistStructureDefinitionIdentifier = "com.apple.xcode.plist.structure-definition.iphone.info-plist"; sourceTree = "<group>"; };
		A6EF0FE5129DEE6800C93FEE /* lib3DAR_v4_0_7_b1.a */ = {isa = PBXFileReference; lastKnownFileType = archive.ar; path = lib3DAR_v4_0_7_b1.a; sourceTree = "<group>"; };
/* End PBXFileReference section */

/* Begin PBXFrameworksBuildPhase section */
		1D60588F0D05DD3D006BFB54 /* Frameworks */ = {
			isa = PBXFrameworksBuildPhase;
			buildActionMask = 2147483647;
			files = (
				1D60589F0D05DD5A006BFB54 /* Foundation.framework in Frameworks */,
				1DF5F4E00D08C38300B7A737 /* UIKit.framework in Frameworks */,
				288765590DF743DE002DB57D /* CoreGraphics.framework in Frameworks */,
				4DBDE09C10AA2318005041C0 /* CoreLocation.framework in Frameworks */,
				4DBDE0A010AA2349005041C0 /* QuartzCore.framework in Frameworks */,
				4DBDE0A410AA235C005041C0 /* MapKit.framework in Frameworks */,
				4D44A2DE10C08A6700A39FF4 /* AudioToolbox.framework in Frameworks */,
				03E9A7291108307300D8EDD8 /* OpenGLES.framework in Frameworks */,
				4DE044E012088D6300011785 /* libxml2.dylib in Frameworks */,
				4D238AFD1214CB9900B8F2D1 /* CoreMotion.framework in Frameworks */,
				A6EF0FE6129DEE6800C93FEE /* lib3DAR_v4_0_7_b1.a in Frameworks */,
			);
			runOnlyForDeploymentPostprocessing = 0;
		};
/* End PBXFrameworksBuildPhase section */

/* Begin PBXGroup section */
		080E96DDFE201D6D7F000001 /* Application Delegate */ = {
			isa = PBXGroup;
			children = (
				1D3623240D0F684500981E51 /* YorientAppDelegate.h */,
				1D3623250D0F684500981E51 /* YorientAppDelegate.m */,
			);
			name = "Application Delegate";
			path = Classes;
			sourceTree = "<group>";
		};
		19C28FACFE9D520D11CA2CBB /* Products */ = {
			isa = PBXGroup;
			children = (
				1D6058910D05DD3D006BFB54 /* Yorient.app */,
			);
			name = Products;
			sourceTree = "<group>";
		};
		281C6CD70DB2D82200F60ACC /* Flipside View */ = {
			isa = PBXGroup;
			children = (
				289233AC0DB2D0DB0083E9F9 /* FlipsideViewController.h */,
				289233AD0DB2D0DB0083E9F9 /* FlipsideViewController.m */,
			);
			name = "Flipside View";
			sourceTree = "<group>";
		};
		289233A00DB2D0730083E9F9 /* Main View */ = {
			isa = PBXGroup;
			children = (
				289233A80DB2D0DB0083E9F9 /* MainViewController.h */,
				289233A90DB2D0DB0083E9F9 /* MainViewController.m */,
			);
			name = "Main View";
			sourceTree = "<group>";
		};
		29B97314FDCFA39411CA2CEA /* CustomTemplate */ = {
			isa = PBXGroup;
			children = (
				4D8589C71141B62700F25004 /* 3DAR */,
				289233A00DB2D0730083E9F9 /* Main View */,
				281C6CD70DB2D82200F60ACC /* Flipside View */,
				080E96DDFE201D6D7F000001 /* Application Delegate */,
				29B97315FDCFA39411CA2CEA /* Other Sources */,
				4DB264EC10DBEF7F00AC4DA0 /* Data */,
				29B97317FDCFA39411CA2CEA /* Resources */,
				29B97323FDCFA39411CA2CEA /* Frameworks */,
				19C28FACFE9D520D11CA2CBB /* Products */,
			);
			name = CustomTemplate;
			sourceTree = "<group>";
		};
		29B97315FDCFA39411CA2CEA /* Other Sources */ = {
			isa = PBXGroup;
			children = (
				29B97316FDCFA39411CA2CEA /* main.m */,
				32CA4F630368D1EE00C91783 /* Yorient_Prefix.pch */,
				4DF90E0D10F1735900B8D74B /* UIApplication_TLCommon.h */,
				4DF90E0E10F1735900B8D74B /* UIApplication_TLCommon.m */,
			);
			name = "Other Sources";
			sourceTree = "<group>";
		};
		29B97317FDCFA39411CA2CEA /* Resources */ = {
			isa = PBXGroup;
			children = (
				4D40EDCC10C6629700FB0C20 /* focus1.aif */,
				4D40EDCD10C6629700FB0C20 /* focus2.aif */,
				4D44A2CE10C0893D00A39FF4 /* focus3.aif */,
				4D1EF38410ACF39C00BC2081 /* Default.png */,
				4D1EF38510ACF39C00BC2081 /* Icon.png */,
				280E754A0DD40C5E005A515E /* FlipsideView.xib */,
				280E754B0DD40C5E005A515E /* MainView.xib */,
				280E754C0DD40C5E005A515E /* MainWindow.xib */,
				8D1107310486CEB800E47090 /* Yorient-Info.plist */,
				4D40EA4810C5BDA900FB0C20 /* spot_metrix_logo.jpg */,
			);
			name = Resources;
			sourceTree = "<group>";
		};
		29B97323FDCFA39411CA2CEA /* Frameworks */ = {
			isa = PBXGroup;
			children = (
				4D238AFC1214CB9900B8F2D1 /* CoreMotion.framework */,
				4DE044DF12088D6300011785 /* libxml2.dylib */,
				03E9A7281108307300D8EDD8 /* OpenGLES.framework */,
				4D44A2DD10C08A6700A39FF4 /* AudioToolbox.framework */,
				288765580DF743DE002DB57D /* CoreGraphics.framework */,
				4DBDE09B10AA2318005041C0 /* CoreLocation.framework */,
				1D30AB110D05D00D00671497 /* Foundation.framework */,
				4DBDE0A310AA235C005041C0 /* MapKit.framework */,
				4DBDE09F10AA2349005041C0 /* QuartzCore.framework */,
				1DF5F4DF0D08C38300B7A737 /* UIKit.framework */,
			);
			name = Frameworks;
			sourceTree = "<group>";
		};
		4D49E38B11FA71F900D250FB /* httpriot-0.6.11 */ = {
			isa = PBXGroup;
			children = (
				4D49E38C11FA71F900D250FB /* Extensions */,
				4D49E39311FA71F900D250FB /* Formatters */,
				4D49E39911FA71F900D250FB /* HRGlobal.h */,
				4D49E39A11FA71F900D250FB /* HRGlobal.m */,
				4D49E39B11FA71F900D250FB /* HROperationQueue.h */,
				4D49E39C11FA71F900D250FB /* HROperationQueue.m */,
				4D49E39D11FA71F900D250FB /* HRRequestOperation.h */,
				4D49E39E11FA71F900D250FB /* HRRequestOperation.m */,
				4D49E39F11FA71F900D250FB /* HRResponseDelegate.h */,
				4D49E3A011FA71F900D250FB /* HRRestModel.h */,
				4D49E3A111FA71F900D250FB /* HRRestModel.m */,
				4D49E3A211FA71F900D250FB /* HTTPRiot.h */,
				4D49E3A311FA71F900D250FB /* HTTPRiot_Prefix.pch */,
				4D49E3A411FA71F900D250FB /* Utilities */,
				4D49E3A711FA71F900D250FB /* Vendor */,
			);
			path = "httpriot-0.6.11";
			sourceTree = "<group>";
		};
		4D49E38C11FA71F900D250FB /* Extensions */ = {
			isa = PBXGroup;
			children = (
				4D49E38D11FA71F900D250FB /* NSDictionary+ParamUtils.h */,
				4D49E38E11FA71F900D250FB /* NSDictionary+ParamUtils.m */,
				4D49E38F11FA71F900D250FB /* NSObject+InvocationUtils.h */,
				4D49E39011FA71F900D250FB /* NSObject+InvocationUtils.m */,
				4D49E39111FA71F900D250FB /* NSString+EscapingUtils.h */,
				4D49E39211FA71F900D250FB /* NSString+EscapingUtils.m */,
			);
			path = Extensions;
			sourceTree = "<group>";
		};
		4D49E39311FA71F900D250FB /* Formatters */ = {
			isa = PBXGroup;
			children = (
				4D49E39411FA71F900D250FB /* HRFormatJSON.h */,
				4D49E39511FA71F900D250FB /* HRFormatJSON.m */,
				4D49E39611FA71F900D250FB /* HRFormatterProtocol.h */,
				4D49E39711FA71F900D250FB /* HRFormatXML.h */,
				4D49E39811FA71F900D250FB /* HRFormatXML.m */,
			);
			path = Formatters;
			sourceTree = "<group>";
		};
		4D49E3A411FA71F900D250FB /* Utilities */ = {
			isa = PBXGroup;
			children = (
				4D49E3A511FA71F900D250FB /* HRBase64.h */,
				4D49E3A611FA71F900D250FB /* HRBase64.m */,
			);
			path = Utilities;
			sourceTree = "<group>";
		};
		4D49E3A711FA71F900D250FB /* Vendor */ = {
			isa = PBXGroup;
			children = (
				4D49E3A811FA71F900D250FB /* AIXMLSerialization */,
				4D49E3AE11FA71F900D250FB /* JSON */,
				4D49E3BD11FA71FA00D250FB /* KissXML */,
			);
			path = Vendor;
			sourceTree = "<group>";
		};
		4D49E3A811FA71F900D250FB /* AIXMLSerialization */ = {
			isa = PBXGroup;
			children = (
				4D49E3A911FA71F900D250FB /* AIXMLDocumentSerialize.h */,
				4D49E3AA11FA71F900D250FB /* AIXMLDocumentSerialize.m */,
				4D49E3AB11FA71F900D250FB /* AIXMLElementSerialize.h */,
				4D49E3AC11FA71F900D250FB /* AIXMLElementSerialize.m */,
				4D49E3AD11FA71F900D250FB /* AIXMLSerialization.h */,
			);
			path = AIXMLSerialization;
			sourceTree = "<group>";
		};
		4D49E3AE11FA71F900D250FB /* JSON */ = {
			isa = PBXGroup;
			children = (
				4D49E3AF11FA71F900D250FB /* CREDITS */,
				4D49E3B011FA71F900D250FB /* JSON.h */,
				4D49E3B111FA71F900D250FB /* NSObject+SBJSON.h */,
				4D49E3B211FA71F900D250FB /* NSObject+SBJSON.m */,
				4D49E3B311FA71F900D250FB /* NSString+SBJSON.h */,
				4D49E3B411FA71FA00D250FB /* NSString+SBJSON.m */,
				4D49E3B511FA71FA00D250FB /* SBJSON.h */,
				4D49E3B611FA71FA00D250FB /* SBJSON.m */,
				4D49E3B711FA71FA00D250FB /* SBJsonBase.h */,
				4D49E3B811FA71FA00D250FB /* SBJsonBase.m */,
				4D49E3B911FA71FA00D250FB /* SBJsonParser.h */,
				4D49E3BA11FA71FA00D250FB /* SBJsonParser.m */,
				4D49E3BB11FA71FA00D250FB /* SBJsonWriter.h */,
				4D49E3BC11FA71FA00D250FB /* SBJsonWriter.m */,
			);
			path = JSON;
			sourceTree = "<group>";
		};
		4D49E3BD11FA71FA00D250FB /* KissXML */ = {
			isa = PBXGroup;
			children = (
				4D49E3BE11FA71FA00D250FB /* DDXML.h */,
				4D49E3BF11FA71FA00D250FB /* DDXMLDocument.h */,
				4D49E3C011FA71FA00D250FB /* DDXMLDocument.m */,
				4D49E3C111FA71FA00D250FB /* DDXMLElement.h */,
				4D49E3C211FA71FA00D250FB /* DDXMLElement.m */,
				4D49E3C311FA71FA00D250FB /* DDXMLElementAdditions.h */,
				4D49E3C411FA71FA00D250FB /* DDXMLElementAdditions.m */,
				4D49E3C511FA71FA00D250FB /* DDXMLNode.h */,
				4D49E3C611FA71FA00D250FB /* DDXMLNode.m */,
				4D49E3C711FA71FA00D250FB /* DDXMLPrivate.h */,
				4D49E3C811FA71FA00D250FB /* NSStringAdditions.h */,
				4D49E3C911FA71FA00D250FB /* NSStringAdditions.m */,
			);
			path = KissXML;
			sourceTree = "<group>";
		};
		4D8589C71141B62700F25004 /* 3DAR */ = {
			isa = PBXGroup;
			children = (
				A6EF0FE5129DEE6800C93FEE /* lib3DAR_v4_0_7_b1.a */,
				4DEF733B11A3618B00CE34D2 /* Views */,
				4DEF734011A3618B00CE34D2 /* API */,
				4DEF734311A3618B00CE34D2 /* Lib */,
				4DEF735911A3618B00CE34D2 /* Categories */,
				4D8589C81141B62700F25004 /* 3dar.plist */,
				4D8589C91141B62700F25004 /* 3dar_logo.png */,
				4D8589CA1141B62700F25004 /* 3dar_marker_icon1.png */,
				4D8589CB1141B62700F25004 /* 3dar_marker_icon2.png */,
				4D8589CC1141B62700F25004 /* 3dar_marker_icon3.png */,
				4D8589CD1141B62700F25004 /* 3dar_marker_icon4.png */,
				4D8589CE1141B62700F25004 /* 3dar_marker_icon5.png */,
				4D8589CF1141B62700F25004 /* 3dar_marker_icon6.png */,
				4D8589D01141B62700F25004 /* bubble1.png */,
				4D858CFE11420EFD00F25004 /* bubble2.png */,
				4D8589D11141B62700F25004 /* compass_rose.png */,
				4D8589D21141B62700F25004 /* SM3DAR.h */,
				4D8589D31141B62700F25004 /* SM3DAR_keys.txt */,
			);
			path = 3DAR;
			sourceTree = "<group>";
		};
		4DB264EC10DBEF7F00AC4DA0 /* Data */ = {
			isa = PBXGroup;
			children = (
				4DB264ED10DBEF7F00AC4DA0 /* markers_lakeoswego.json */,
				4D8B38FB10B1E3D8008F49F3 /* markers_greendragon.json */,
				4DBDE45210AAEC49005041C0 /* markers_opensourcery.json */,
				4D1EF21010ACB7AE00BC2081 /* markers.json */,
			);
			path = Data;
			sourceTree = "<group>";
		};
		4DEF733B11A3618B00CE34D2 /* Views */ = {
			isa = PBXGroup;
			children = (
				4DEF733C11A3618B00CE34D2 /* BubbleMarkerView.h */,
				4DEF733D11A3618B00CE34D2 /* BubbleMarkerView.m */,
			);
			path = Views;
			sourceTree = "<group>";
		};
		4DEF734011A3618B00CE34D2 /* API */ = {
			isa = PBXGroup;
			children = (
				4DEF734111A3618B00CE34D2 /* YahooLocalSearch.h */,
				4DEF734211A3618B00CE34D2 /* YahooLocalSearch.m */,
			);
			path = API;
			sourceTree = "<group>";
		};
		4DEF734311A3618B00CE34D2 /* Lib */ = {
			isa = PBXGroup;
			children = (
				4DEF734411A3618B00CE34D2 /* BSJSONAdditions */,
				4DEF734F11A3618B00CE34D2 /* HTTPRiot */,
			);
			path = Lib;
			sourceTree = "<group>";
		};
		4DEF734411A3618B00CE34D2 /* BSJSONAdditions */ = {
			isa = PBXGroup;
			children = (
				4DEF734511A3618B00CE34D2 /* BSJSONEncoder.h */,
				4DEF734611A3618B00CE34D2 /* BSJSONEncoder.m */,
				4DEF734711A3618B00CE34D2 /* NSArray+BSJSONAdditions.h */,
				4DEF734811A3618B00CE34D2 /* NSArray+BSJSONAdditions.m */,
				4DEF734911A3618B00CE34D2 /* NSDictionary+BSJSONAdditions.h */,
				4DEF734A11A3618B00CE34D2 /* NSDictionary+BSJSONAdditions.m */,
				4DEF734B11A3618B00CE34D2 /* NSScanner+BSJSONAdditions.h */,
				4DEF734C11A3618B00CE34D2 /* NSScanner+BSJSONAdditions.m */,
				4DEF734D11A3618B00CE34D2 /* NSString+BSJSONAdditions.h */,
				4DEF734E11A3618B00CE34D2 /* NSString+BSJSONAdditions.m */,
			);
			path = BSJSONAdditions;
			sourceTree = "<group>";
		};
		4DEF734F11A3618B00CE34D2 /* HTTPRiot */ = {
			isa = PBXGroup;
			children = (
				4D49E38B11FA71F900D250FB /* httpriot-0.6.11 */,
			);
			path = HTTPRiot;
			sourceTree = "<group>";
		};
		4DEF735911A3618B00CE34D2 /* Categories */ = {
			isa = PBXGroup;
			children = (
				4DEF735A11A3618B00CE34D2 /* UIApplication_TLCommon.h */,
				4DEF735B11A3618B00CE34D2 /* UIApplication_TLCommon.m */,
				4DEF735C11A3618B00CE34D2 /* UIColor_Expanded.h */,
				4DEF735D11A3618B00CE34D2 /* UIColor_Expanded.m */,
			);
			path = Categories;
			sourceTree = "<group>";
		};
/* End PBXGroup section */

/* Begin PBXNativeTarget section */
		1D6058900D05DD3D006BFB54 /* Yorient */ = {
			isa = PBXNativeTarget;
			buildConfigurationList = 1D6058960D05DD3E006BFB54 /* Build configuration list for PBXNativeTarget "Yorient" */;
			buildPhases = (
				1D60588D0D05DD3D006BFB54 /* Resources */,
				1D60588E0D05DD3D006BFB54 /* Sources */,
				1D60588F0D05DD3D006BFB54 /* Frameworks */,
			);
			buildRules = (
			);
			dependencies = (
			);
			name = Yorient;
			productName = SM3DARViewer;
			productReference = 1D6058910D05DD3D006BFB54 /* Yorient.app */;
			productType = "com.apple.product-type.application";
		};
/* End PBXNativeTarget section */

/* Begin PBXProject section */
		29B97313FDCFA39411CA2CEA /* Project object */ = {
			isa = PBXProject;
			buildConfigurationList = C01FCF4E08A954540054247B /* Build configuration list for PBXProject "Yorient" */;
			compatibilityVersion = "Xcode 3.1";
			developmentRegion = English;
			hasScannedForEncodings = 1;
			knownRegions = (
				English,
				Japanese,
				French,
				German,
				en,
			);
			mainGroup = 29B97314FDCFA39411CA2CEA /* CustomTemplate */;
			projectDirPath = "";
			projectRoot = "";
			targets = (
				1D6058900D05DD3D006BFB54 /* Yorient */,
			);
		};
/* End PBXProject section */

/* Begin PBXResourcesBuildPhase section */
		1D60588D0D05DD3D006BFB54 /* Resources */ = {
			isa = PBXResourcesBuildPhase;
			buildActionMask = 2147483647;
			files = (
				280E754D0DD40C5E005A515E /* FlipsideView.xib in Resources */,
				280E754E0DD40C5E005A515E /* MainView.xib in Resources */,
				280E754F0DD40C5E005A515E /* MainWindow.xib in Resources */,
				4DBDE47B10AAED23005041C0 /* markers_opensourcery.json in Resources */,
				4D1EF21110ACB7AE00BC2081 /* markers.json in Resources */,
				4D1EF38610ACF39C00BC2081 /* Default.png in Resources */,
				4D1EF38710ACF39C00BC2081 /* Icon.png in Resources */,
				4D8B38FC10B1E3D8008F49F3 /* markers_greendragon.json in Resources */,
				4D44A2CF10C0893D00A39FF4 /* focus3.aif in Resources */,
				4D40EA4910C5BDA900FB0C20 /* spot_metrix_logo.jpg in Resources */,
				4D40EDCE10C6629700FB0C20 /* focus1.aif in Resources */,
				4D40EDCF10C6629700FB0C20 /* focus2.aif in Resources */,
				4DB264EE10DBEF7F00AC4DA0 /* markers_lakeoswego.json in Resources */,
				4D858A5D1141B62700F25004 /* 3dar.plist in Resources */,
				4D858A5E1141B62700F25004 /* 3dar_logo.png in Resources */,
				4D858A5F1141B62700F25004 /* 3dar_marker_icon1.png in Resources */,
				4D858A601141B62700F25004 /* 3dar_marker_icon2.png in Resources */,
				4D858A611141B62700F25004 /* 3dar_marker_icon3.png in Resources */,
				4D858A621141B62700F25004 /* 3dar_marker_icon4.png in Resources */,
				4D858A631141B62700F25004 /* 3dar_marker_icon5.png in Resources */,
				4D858A641141B62700F25004 /* 3dar_marker_icon6.png in Resources */,
				4D858A651141B62700F25004 /* bubble1.png in Resources */,
				4D858A661141B62700F25004 /* compass_rose.png in Resources */,
				4D858A671141B62700F25004 /* SM3DAR_keys.txt in Resources */,
				4D858CFF11420EFD00F25004 /* bubble2.png in Resources */,
				4D49E3D611FA71FA00D250FB /* CREDITS in Resources */,
			);
			runOnlyForDeploymentPostprocessing = 0;
		};
/* End PBXResourcesBuildPhase section */

/* Begin PBXSourcesBuildPhase section */
		1D60588E0D05DD3D006BFB54 /* Sources */ = {
			isa = PBXSourcesBuildPhase;
			buildActionMask = 2147483647;
			files = (
				1D60589B0D05DD56006BFB54 /* main.m in Sources */,
				1D3623260D0F684500981E51 /* YorientAppDelegate.m in Sources */,
				289233AE0DB2D0DB0083E9F9 /* MainViewController.m in Sources */,
				289233B00DB2D0DB0083E9F9 /* FlipsideViewController.m in Sources */,
				4DF90E0F10F1735900B8D74B /* UIApplication_TLCommon.m in Sources */,
				4DEF735E11A3618B00CE34D2 /* BubbleMarkerView.m in Sources */,
				4DEF736011A3618B00CE34D2 /* YahooLocalSearch.m in Sources */,
				4DEF736111A3618B00CE34D2 /* BSJSONEncoder.m in Sources */,
				4DEF736211A3618B00CE34D2 /* NSArray+BSJSONAdditions.m in Sources */,
				4DEF736311A3618B00CE34D2 /* NSDictionary+BSJSONAdditions.m in Sources */,
				4DEF736411A3618B00CE34D2 /* NSScanner+BSJSONAdditions.m in Sources */,
				4DEF736511A3618B00CE34D2 /* NSString+BSJSONAdditions.m in Sources */,
				4DEF736611A3618B00CE34D2 /* UIApplication_TLCommon.m in Sources */,
				4DEF736711A3618B00CE34D2 /* UIColor_Expanded.m in Sources */,
				4D49E3CA11FA71FA00D250FB /* NSDictionary+ParamUtils.m in Sources */,
				4D49E3CB11FA71FA00D250FB /* NSObject+InvocationUtils.m in Sources */,
				4D49E3CC11FA71FA00D250FB /* NSString+EscapingUtils.m in Sources */,
				4D49E3CD11FA71FA00D250FB /* HRFormatJSON.m in Sources */,
				4D49E3CE11FA71FA00D250FB /* HRFormatXML.m in Sources */,
				4D49E3CF11FA71FA00D250FB /* HRGlobal.m in Sources */,
				4D49E3D011FA71FA00D250FB /* HROperationQueue.m in Sources */,
				4D49E3D111FA71FA00D250FB /* HRRequestOperation.m in Sources */,
				4D49E3D211FA71FA00D250FB /* HRRestModel.m in Sources */,
				4D49E3D311FA71FA00D250FB /* HRBase64.m in Sources */,
				4D49E3D411FA71FA00D250FB /* AIXMLDocumentSerialize.m in Sources */,
				4D49E3D511FA71FA00D250FB /* AIXMLElementSerialize.m in Sources */,
				4D49E3D711FA71FA00D250FB /* NSObject+SBJSON.m in Sources */,
				4D49E3D811FA71FA00D250FB /* NSString+SBJSON.m in Sources */,
				4D49E3D911FA71FA00D250FB /* SBJSON.m in Sources */,
				4D49E3DA11FA71FA00D250FB /* SBJsonBase.m in Sources */,
				4D49E3DB11FA71FA00D250FB /* SBJsonParser.m in Sources */,
				4D49E3DC11FA71FA00D250FB /* SBJsonWriter.m in Sources */,
				4D49E3DD11FA71FA00D250FB /* DDXMLDocument.m in Sources */,
				4D49E3DE11FA71FA00D250FB /* DDXMLElement.m in Sources */,
				4D49E3DF11FA71FA00D250FB /* DDXMLElementAdditions.m in Sources */,
				4D49E3E011FA71FA00D250FB /* DDXMLNode.m in Sources */,
				4D49E3E111FA71FA00D250FB /* NSStringAdditions.m in Sources */,
			);
			runOnlyForDeploymentPostprocessing = 0;
		};
/* End PBXSourcesBuildPhase section */

/* Begin XCBuildConfiguration section */
		1D6058940D05DD3E006BFB54 /* Debug */ = {
			isa = XCBuildConfiguration;
			buildSettings = {
				ALWAYS_SEARCH_USER_PATHS = NO;
				COPY_PHASE_STRIP = NO;
				GCC_DYNAMIC_NO_PIC = NO;
				GCC_OPTIMIZATION_LEVEL = 0;
				GCC_PRECOMPILE_PREFIX_HEADER = YES;
				GCC_PREFIX_HEADER = Yorient_Prefix.pch;
				HEADER_SEARCH_PATHS = /usr/include/libxml2;
				INFOPLIST_FILE = "Yorient-Info.plist";
				LIBRARY_SEARCH_PATHS = (
					"$(inherited)",
					"\"$(SRCROOT)/3DAR\"",
				);
				OTHER_LDFLAGS = (
					"-lxml2",
					"-ObjC",
					"-lstdc++",
				);
				PRODUCT_NAME = Yorient;
				STANDARD_C_PLUS_PLUS_LIBRARY_TYPE = dynamic;
			};
			name = Debug;
		};
		1D6058950D05DD3E006BFB54 /* Release */ = {
			isa = XCBuildConfiguration;
			buildSettings = {
				ALWAYS_SEARCH_USER_PATHS = NO;
				COPY_PHASE_STRIP = YES;
				GCC_PRECOMPILE_PREFIX_HEADER = YES;
				GCC_PREFIX_HEADER = Yorient_Prefix.pch;
				HEADER_SEARCH_PATHS = /usr/include/libxml2;
				INFOPLIST_FILE = "Yorient-Info.plist";
				LIBRARY_SEARCH_PATHS = (
					"$(inherited)",
					"\"$(SRCROOT)/3DAR\"",
				);
				OTHER_LDFLAGS = (
					"-lxml2",
					"-ObjC",
					"-lstdc++",
				);
				PRODUCT_NAME = Yorient;
				STANDARD_C_PLUS_PLUS_LIBRARY_TYPE = dynamic;
			};
			name = Release;
		};
		C01FCF4F08A954540054247B /* Debug */ = {
			isa = XCBuildConfiguration;
			buildSettings = {
				ARCHS = "$(ARCHS_STANDARD_32_BIT)";
				"CODE_SIGN_IDENTITY[sdk=iphoneos*]" = "iPhone Developer";
				GCC_C_LANGUAGE_STANDARD = c99;
				GCC_WARN_ABOUT_RETURN_TYPE = YES;
				GCC_WARN_UNUSED_VARIABLE = YES;
				HEADER_SEARCH_PATHS = "";
				IPHONEOS_DEPLOYMENT_TARGET = 3.1;
				PREBINDING = NO;
				PRODUCT_NAME = Yorient;
				"PROVISIONING_PROFILE[sdk=iphoneos*]" = "";
				SDKROOT = iphoneos4.2;
				TARGETED_DEVICE_FAMILY = "1,2";
			};
			name = Debug;
		};
		C01FCF5008A954540054247B /* Release */ = {
			isa = XCBuildConfiguration;
			buildSettings = {
				ARCHS = "$(ARCHS_STANDARD_32_BIT)";
				"CODE_SIGN_IDENTITY[sdk=iphoneos*]" = "iPhone Developer";
				GCC_C_LANGUAGE_STANDARD = c99;
				GCC_WARN_ABOUT_RETURN_TYPE = YES;
				GCC_WARN_UNUSED_VARIABLE = YES;
				HEADER_SEARCH_PATHS = "";
				IPHONEOS_DEPLOYMENT_TARGET = 3.1;
				PREBINDING = NO;
				PRODUCT_NAME = Yorient;
				"PROVISIONING_PROFILE[sdk=iphoneos*]" = "";
				SDKROOT = iphoneos4.2;
				TARGETED_DEVICE_FAMILY = "1,2";
			};
			name = Release;
		};
/* End XCBuildConfiguration section */

/* Begin XCConfigurationList section */
		1D6058960D05DD3E006BFB54 /* Build configuration list for PBXNativeTarget "Yorient" */ = {
			isa = XCConfigurationList;
			buildConfigurations = (
				1D6058940D05DD3E006BFB54 /* Debug */,
				1D6058950D05DD3E006BFB54 /* Release */,
			);
			defaultConfigurationIsVisible = 0;
			defaultConfigurationName = Release;
		};
		C01FCF4E08A954540054247B /* Build configuration list for PBXProject "Yorient" */ = {
			isa = XCConfigurationList;
			buildConfigurations = (
				C01FCF4F08A954540054247B /* Debug */,
				C01FCF5008A954540054247B /* Release */,
			);
			defaultConfigurationIsVisible = 0;
			defaultConfigurationName = Release;
		};
/* End XCConfigurationList section */
	};
	rootObject = 29B97313FDCFA39411CA2CEA /* Project object */;
}
