// !$*UTF8*$!
{
	archiveVersion = 1;
	classes = {
	};
	objectVersion = 45;
	objects = {

/* Begin PBXBuildFile section */
		1D60589B0D05DD56006BFB54 /* main.m in Sources */ = {isa = PBXBuildFile; fileRef = 29B97316FDCFA39411CA2CEA /* main.m */; };
		A645425712A4E3B40014F23C /* AudioToolbox.framework in Frameworks */ = {isa = PBXBuildFile; fileRef = A645425612A4E3B40014F23C /* AudioToolbox.framework */; };
		A645425912A4E3B40014F23C /* CoreGraphics.framework in Frameworks */ = {isa = PBXBuildFile; fileRef = A645425812A4E3B40014F23C /* CoreGraphics.framework */; };
		A645425B12A4E3B40014F23C /* CoreLocation.framework in Frameworks */ = {isa = PBXBuildFile; fileRef = A645425A12A4E3B40014F23C /* CoreLocation.framework */; };
		A645425D12A4E3B40014F23C /* CoreMotion.framework in Frameworks */ = {isa = PBXBuildFile; fileRef = A645425C12A4E3B40014F23C /* CoreMotion.framework */; };
		A645425F12A4E3B40014F23C /* Foundation.framework in Frameworks */ = {isa = PBXBuildFile; fileRef = A645425E12A4E3B40014F23C /* Foundation.framework */; };
		A645426112A4E3B40014F23C /* MapKit.framework in Frameworks */ = {isa = PBXBuildFile; fileRef = A645426012A4E3B40014F23C /* MapKit.framework */; };
		A645426312A4E3B40014F23C /* OpenGLES.framework in Frameworks */ = {isa = PBXBuildFile; fileRef = A645426212A4E3B40014F23C /* OpenGLES.framework */; };
		A645426512A4E3B40014F23C /* QuartzCore.framework in Frameworks */ = {isa = PBXBuildFile; fileRef = A645426412A4E3B40014F23C /* QuartzCore.framework */; };
		A645426712A4E3B40014F23C /* UIKit.framework in Frameworks */ = {isa = PBXBuildFile; fileRef = A645426612A4E3B40014F23C /* UIKit.framework */; };
		A64E69BB137C9B32003A06B5 /* SimpleGeo.framework in Frameworks */ = {isa = PBXBuildFile; fileRef = A64E69BA137C9B32003A06B5 /* SimpleGeo.framework */; };
		A64E69BD137C9B32003A06B5 /* YAJL.framework in Frameworks */ = {isa = PBXBuildFile; fileRef = A64E69BC137C9B32003A06B5 /* YAJL.framework */; };
		A64E6BFF137CB5C6003A06B5 /* refresh_button.png in Resources */ = {isa = PBXBuildFile; fileRef = A64E6BFD137CB5C5003A06B5 /* refresh_button.png */; };
		A64E6C00137CB5C6003A06B5 /* refresh_button@2x.png in Resources */ = {isa = PBXBuildFile; fileRef = A64E6BFE137CB5C6003A06B5 /* refresh_button@2x.png */; };
		A6622C03137A21E30002E03D /* UIApplication_TLCommon.m in Sources */ = {isa = PBXBuildFile; fileRef = A6622BA6137A21E30002E03D /* UIApplication_TLCommon.m */; };
		A6622C04137A21E30002E03D /* UIColor_Expanded.m in Sources */ = {isa = PBXBuildFile; fileRef = A6622BA8137A21E30002E03D /* UIColor_Expanded.m */; };
		A6622C05137A21E30002E03D /* FlipsideView.m in Sources */ = {isa = PBXBuildFile; fileRef = A6622BAB137A21E30002E03D /* FlipsideView.m */; };
		A6622C06137A21E30002E03D /* FlipsideView.xib in Resources */ = {isa = PBXBuildFile; fileRef = A6622BAC137A21E30002E03D /* FlipsideView.xib */; };
		A6622C07137A21E30002E03D /* FlipsideViewController.m in Sources */ = {isa = PBXBuildFile; fileRef = A6622BAE137A21E30002E03D /* FlipsideViewController.m */; };
		A6622C08137A21E30002E03D /* MainView.xib in Resources */ = {isa = PBXBuildFile; fileRef = A6622BAF137A21E30002E03D /* MainView.xib */; };
		A6622C09137A21E30002E03D /* MainViewController.m in Sources */ = {isa = PBXBuildFile; fileRef = A6622BB1137A21E30002E03D /* MainViewController.m */; };
		A6622C0A137A21E30002E03D /* MainWindow.xib in Resources */ = {isa = PBXBuildFile; fileRef = A6622BB2137A21E30002E03D /* MainWindow.xib */; };
		A6622C0B137A21E30002E03D /* YahooLocalSearch.m in Sources */ = {isa = PBXBuildFile; fileRef = A6622BB4137A21E30002E03D /* YahooLocalSearch.m */; };
		A6622C0C137A21E30002E03D /* YorientAppDelegate.m in Sources */ = {isa = PBXBuildFile; fileRef = A6622BB6137A21E30002E03D /* YorientAppDelegate.m */; };
		A6622C0D137A21E30002E03D /* BSJSONEncoder.m in Sources */ = {isa = PBXBuildFile; fileRef = A6622BBA137A21E30002E03D /* BSJSONEncoder.m */; };
		A6622C0E137A21E30002E03D /* NSArray+BSJSONAdditions.m in Sources */ = {isa = PBXBuildFile; fileRef = A6622BBC137A21E30002E03D /* NSArray+BSJSONAdditions.m */; };
		A6622C0F137A21E30002E03D /* NSDictionary+BSJSONAdditions.m in Sources */ = {isa = PBXBuildFile; fileRef = A6622BBE137A21E30002E03D /* NSDictionary+BSJSONAdditions.m */; };
		A6622C10137A21E30002E03D /* NSScanner+BSJSONAdditions.m in Sources */ = {isa = PBXBuildFile; fileRef = A6622BC0137A21E30002E03D /* NSScanner+BSJSONAdditions.m */; };
		A6622C11137A21E30002E03D /* NSString+BSJSONAdditions.m in Sources */ = {isa = PBXBuildFile; fileRef = A6622BC2137A21E30002E03D /* NSString+BSJSONAdditions.m */; };
		A6622C12137A21E30002E03D /* NSDictionary+ParamUtils.m in Sources */ = {isa = PBXBuildFile; fileRef = A6622BC7137A21E30002E03D /* NSDictionary+ParamUtils.m */; };
		A6622C13137A21E30002E03D /* NSObject+InvocationUtils.m in Sources */ = {isa = PBXBuildFile; fileRef = A6622BC9137A21E30002E03D /* NSObject+InvocationUtils.m */; };
		A6622C14137A21E30002E03D /* NSString+EscapingUtils.m in Sources */ = {isa = PBXBuildFile; fileRef = A6622BCB137A21E30002E03D /* NSString+EscapingUtils.m */; };
		A6622C15137A21E30002E03D /* HRFormatJSON.m in Sources */ = {isa = PBXBuildFile; fileRef = A6622BCE137A21E30002E03D /* HRFormatJSON.m */; };
		A6622C16137A21E30002E03D /* HRFormatXML.m in Sources */ = {isa = PBXBuildFile; fileRef = A6622BD1137A21E30002E03D /* HRFormatXML.m */; };
		A6622C17137A21E30002E03D /* HRGlobal.m in Sources */ = {isa = PBXBuildFile; fileRef = A6622BD3137A21E30002E03D /* HRGlobal.m */; };
		A6622C18137A21E30002E03D /* HROperationQueue.m in Sources */ = {isa = PBXBuildFile; fileRef = A6622BD5137A21E30002E03D /* HROperationQueue.m */; };
		A6622C19137A21E30002E03D /* HRRequestOperation.m in Sources */ = {isa = PBXBuildFile; fileRef = A6622BD7137A21E30002E03D /* HRRequestOperation.m */; };
		A6622C1A137A21E30002E03D /* HRRestModel.m in Sources */ = {isa = PBXBuildFile; fileRef = A6622BDA137A21E30002E03D /* HRRestModel.m */; };
		A6622C1B137A21E30002E03D /* HRBase64.m in Sources */ = {isa = PBXBuildFile; fileRef = A6622BDF137A21E30002E03D /* HRBase64.m */; };
		A6622C1C137A21E30002E03D /* AIXMLDocumentSerialize.m in Sources */ = {isa = PBXBuildFile; fileRef = A6622BE3137A21E30002E03D /* AIXMLDocumentSerialize.m */; };
		A6622C1D137A21E30002E03D /* AIXMLElementSerialize.m in Sources */ = {isa = PBXBuildFile; fileRef = A6622BE5137A21E30002E03D /* AIXMLElementSerialize.m */; };
		A6622C1E137A21E30002E03D /* CREDITS in Resources */ = {isa = PBXBuildFile; fileRef = A6622BE8137A21E30002E03D /* CREDITS */; };
		A6622C1F137A21E30002E03D /* NSObject+SBJSON.m in Sources */ = {isa = PBXBuildFile; fileRef = A6622BEB137A21E30002E03D /* NSObject+SBJSON.m */; };
		A6622C20137A21E30002E03D /* NSString+SBJSON.m in Sources */ = {isa = PBXBuildFile; fileRef = A6622BED137A21E30002E03D /* NSString+SBJSON.m */; };
		A6622C21137A21E30002E03D /* SBJSON.m in Sources */ = {isa = PBXBuildFile; fileRef = A6622BEF137A21E30002E03D /* SBJSON.m */; };
		A6622C22137A21E30002E03D /* SBJsonBase.m in Sources */ = {isa = PBXBuildFile; fileRef = A6622BF1137A21E30002E03D /* SBJsonBase.m */; };
		A6622C23137A21E30002E03D /* SBJsonParser.m in Sources */ = {isa = PBXBuildFile; fileRef = A6622BF3137A21E30002E03D /* SBJsonParser.m */; };
		A6622C24137A21E30002E03D /* SBJsonWriter.m in Sources */ = {isa = PBXBuildFile; fileRef = A6622BF5137A21E30002E03D /* SBJsonWriter.m */; };
		A6622C25137A21E30002E03D /* DDXMLDocument.m in Sources */ = {isa = PBXBuildFile; fileRef = A6622BF9137A21E30002E03D /* DDXMLDocument.m */; };
		A6622C26137A21E30002E03D /* DDXMLElement.m in Sources */ = {isa = PBXBuildFile; fileRef = A6622BFB137A21E30002E03D /* DDXMLElement.m */; };
		A6622C27137A21E30002E03D /* DDXMLElementAdditions.m in Sources */ = {isa = PBXBuildFile; fileRef = A6622BFD137A21E30002E03D /* DDXMLElementAdditions.m */; };
		A6622C28137A21E30002E03D /* DDXMLNode.m in Sources */ = {isa = PBXBuildFile; fileRef = A6622BFF137A21E30002E03D /* DDXMLNode.m */; };
		A6622C29137A21E30002E03D /* NSStringAdditions.m in Sources */ = {isa = PBXBuildFile; fileRef = A6622C02137A21E30002E03D /* NSStringAdditions.m */; };
		A679301113D7C2D70000ECD7 /* 3dar.plist in Resources */ = {isa = PBXBuildFile; fileRef = A6792FFF13D7C2D60000ECD7 /* 3dar.plist */; };
		A679301213D7C2D70000ECD7 /* 3dar_logo.png in Resources */ = {isa = PBXBuildFile; fileRef = A679300213D7C2D60000ECD7 /* 3dar_logo.png */; };
		A679301313D7C2D70000ECD7 /* 3dar_marker_icon1.png in Resources */ = {isa = PBXBuildFile; fileRef = A679300313D7C2D60000ECD7 /* 3dar_marker_icon1.png */; };
		A679301413D7C2D70000ECD7 /* 3dar_marker_icon1_focused.png in Resources */ = {isa = PBXBuildFile; fileRef = A679300413D7C2D60000ECD7 /* 3dar_marker_icon1_focused.png */; };
		A679301513D7C2D70000ECD7 /* 3dar_pano_bg.png in Resources */ = {isa = PBXBuildFile; fileRef = A679300513D7C2D60000ECD7 /* 3dar_pano_bg.png */; };
		A679301613D7C2D70000ECD7 /* bubble.png in Resources */ = {isa = PBXBuildFile; fileRef = A679300613D7C2D60000ECD7 /* bubble.png */; };
		A679301713D7C2D70000ECD7 /* cube.obj in Resources */ = {isa = PBXBuildFile; fileRef = A679300813D7C2D60000ECD7 /* cube.obj */; };
		A679301813D7C2D70000ECD7 /* moebius.obj in Resources */ = {isa = PBXBuildFile; fileRef = A679300913D7C2D60000ECD7 /* moebius.obj */; };
		A679301913D7C2D70000ECD7 /* sphere.obj in Resources */ = {isa = PBXBuildFile; fileRef = A679300A13D7C2D60000ECD7 /* sphere.obj */; };
		A679301A13D7C2D70000ECD7 /* star.obj in Resources */ = {isa = PBXBuildFile; fileRef = A679300B13D7C2D60000ECD7 /* star.obj */; };
		A679301B13D7C2D70000ECD7 /* ufo.obj in Resources */ = {isa = PBXBuildFile; fileRef = A679300C13D7C2D60000ECD7 /* ufo.obj */; };
		A679301D13D7C2D70000ECD7 /* SM3DAR_keys.txt in Resources */ = {isa = PBXBuildFile; fileRef = A679301013D7C2D70000ECD7 /* SM3DAR_keys.txt */; };
		A679302A13D7CE2D0000ECD7 /* ar_icon_black_34x34.png in Resources */ = {isa = PBXBuildFile; fileRef = A679302813D7CE2D0000ECD7 /* ar_icon_black_34x34.png */; };
		A679302B13D7CE2D0000ECD7 /* ar_icon_white_34x34.png in Resources */ = {isa = PBXBuildFile; fileRef = A679302913D7CE2D0000ECD7 /* ar_icon_white_34x34.png */; };
		A679306C13D7D4B80000ECD7 /* lib3DAR_v0_9_6.a in Frameworks */ = {isa = PBXBuildFile; fileRef = A679306B13D7D4B80000ECD7 /* lib3DAR_v0_9_6.a */; };
		A6BE263913811F0F000A4A4F /* BirdseyeView.m in Sources */ = {isa = PBXBuildFile; fileRef = A6BE263813811F0F000A4A4F /* BirdseyeView.m */; };
		A6BFE087130B7484007D8CA3 /* Default.png in Resources */ = {isa = PBXBuildFile; fileRef = A6BFE081130B7484007D8CA3 /* Default.png */; };
		A6BFE088130B7484007D8CA3 /* focus1.aif in Resources */ = {isa = PBXBuildFile; fileRef = A6BFE082130B7484007D8CA3 /* focus1.aif */; };
		A6BFE089130B7484007D8CA3 /* focus2.aif in Resources */ = {isa = PBXBuildFile; fileRef = A6BFE083130B7484007D8CA3 /* focus2.aif */; };
		A6BFE08A130B7484007D8CA3 /* focus3.aif in Resources */ = {isa = PBXBuildFile; fileRef = A6BFE084130B7484007D8CA3 /* focus3.aif */; };
		A6BFE08B130B7484007D8CA3 /* Icon.png in Resources */ = {isa = PBXBuildFile; fileRef = A6BFE085130B7484007D8CA3 /* Icon.png */; };
		A6BFE08C130B7484007D8CA3 /* spot_metrix_logo.jpg in Resources */ = {isa = PBXBuildFile; fileRef = A6BFE086130B7484007D8CA3 /* spot_metrix_logo.jpg */; };
		A6D68FB4137A692A00402D63 /* Debug.xcconfig in Resources */ = {isa = PBXBuildFile; fileRef = A6D68FAF137A692A00402D63 /* Debug.xcconfig */; };
		A6D68FB5137A692A00402D63 /* Distribution.xcconfig in Resources */ = {isa = PBXBuildFile; fileRef = A6D68FB0137A692A00402D63 /* Distribution.xcconfig */; };
		A6D68FB6137A692A00402D63 /* Private.xcconfig in Resources */ = {isa = PBXBuildFile; fileRef = A6D68FB1137A692A00402D63 /* Private.xcconfig */; };
		A6D68FB7137A692A00402D63 /* Release.xcconfig in Resources */ = {isa = PBXBuildFile; fileRef = A6D68FB2137A692A00402D63 /* Release.xcconfig */; };
		A6D68FB8137A692A00402D63 /* Shared.xcconfig in Resources */ = {isa = PBXBuildFile; fileRef = A6D68FB3137A692A00402D63 /* Shared.xcconfig */; };
		A6D68FBA137A697900402D63 /* CFNetwork.framework in Frameworks */ = {isa = PBXBuildFile; fileRef = A6D68FB9137A697900402D63 /* CFNetwork.framework */; };
		A6D68FBE137A69B400402D63 /* MobileCoreServices.framework in Frameworks */ = {isa = PBXBuildFile; fileRef = A6D68FBD137A69B400402D63 /* MobileCoreServices.framework */; };
		A6D68FC0137A69B400402D63 /* SystemConfiguration.framework in Frameworks */ = {isa = PBXBuildFile; fileRef = A6D68FBF137A69B400402D63 /* SystemConfiguration.framework */; };
		A6D68FC4137A69C800402D63 /* libz.dylib in Frameworks */ = {isa = PBXBuildFile; fileRef = A6D68FC3137A69C800402D63 /* libz.dylib */; };
/* End PBXBuildFile section */

/* Begin PBXFileReference section */
		1D6058910D05DD3D006BFB54 /* Yorient.app */ = {isa = PBXFileReference; explicitFileType = wrapper.application; includeInIndex = 0; path = Yorient.app; sourceTree = BUILT_PRODUCTS_DIR; };
		29B97316FDCFA39411CA2CEA /* main.m */ = {isa = PBXFileReference; fileEncoding = 4; lastKnownFileType = sourcecode.c.objc; path = main.m; sourceTree = "<group>"; };
		32CA4F630368D1EE00C91783 /* Yorient_Prefix.pch */ = {isa = PBXFileReference; fileEncoding = 4; lastKnownFileType = sourcecode.c.h; path = Yorient_Prefix.pch; sourceTree = "<group>"; };
		8D1107310486CEB800E47090 /* Yorient-Info.plist */ = {isa = PBXFileReference; fileEncoding = 4; lastKnownFileType = text.plist.xml; path = "Yorient-Info.plist"; plistStructureDefinitionIdentifier = "com.apple.xcode.plist.structure-definition.iphone.info-plist"; sourceTree = "<group>"; };
		A645425612A4E3B40014F23C /* AudioToolbox.framework */ = {isa = PBXFileReference; lastKnownFileType = wrapper.framework; name = AudioToolbox.framework; path = System/Library/Frameworks/AudioToolbox.framework; sourceTree = SDKROOT; };
		A645425812A4E3B40014F23C /* CoreGraphics.framework */ = {isa = PBXFileReference; lastKnownFileType = wrapper.framework; name = CoreGraphics.framework; path = System/Library/Frameworks/CoreGraphics.framework; sourceTree = SDKROOT; };
		A645425A12A4E3B40014F23C /* CoreLocation.framework */ = {isa = PBXFileReference; lastKnownFileType = wrapper.framework; name = CoreLocation.framework; path = System/Library/Frameworks/CoreLocation.framework; sourceTree = SDKROOT; };
		A645425C12A4E3B40014F23C /* CoreMotion.framework */ = {isa = PBXFileReference; lastKnownFileType = wrapper.framework; name = CoreMotion.framework; path = System/Library/Frameworks/CoreMotion.framework; sourceTree = SDKROOT; };
		A645425E12A4E3B40014F23C /* Foundation.framework */ = {isa = PBXFileReference; lastKnownFileType = wrapper.framework; name = Foundation.framework; path = System/Library/Frameworks/Foundation.framework; sourceTree = SDKROOT; };
		A645426012A4E3B40014F23C /* MapKit.framework */ = {isa = PBXFileReference; lastKnownFileType = wrapper.framework; name = MapKit.framework; path = System/Library/Frameworks/MapKit.framework; sourceTree = SDKROOT; };
		A645426212A4E3B40014F23C /* OpenGLES.framework */ = {isa = PBXFileReference; lastKnownFileType = wrapper.framework; name = OpenGLES.framework; path = System/Library/Frameworks/OpenGLES.framework; sourceTree = SDKROOT; };
		A645426412A4E3B40014F23C /* QuartzCore.framework */ = {isa = PBXFileReference; lastKnownFileType = wrapper.framework; name = QuartzCore.framework; path = System/Library/Frameworks/QuartzCore.framework; sourceTree = SDKROOT; };
		A645426612A4E3B40014F23C /* UIKit.framework */ = {isa = PBXFileReference; lastKnownFileType = wrapper.framework; name = UIKit.framework; path = System/Library/Frameworks/UIKit.framework; sourceTree = SDKROOT; };
		A64E69BA137C9B32003A06B5 /* SimpleGeo.framework */ = {isa = PBXFileReference; lastKnownFileType = wrapper.framework; path = SimpleGeo.framework; sourceTree = "<group>"; };
		A64E69BC137C9B32003A06B5 /* YAJL.framework */ = {isa = PBXFileReference; lastKnownFileType = wrapper.framework; path = YAJL.framework; sourceTree = "<group>"; };
		A64E6BFD137CB5C5003A06B5 /* refresh_button.png */ = {isa = PBXFileReference; lastKnownFileType = image.png; path = refresh_button.png; sourceTree = "<group>"; };
		A64E6BFE137CB5C6003A06B5 /* refresh_button@2x.png */ = {isa = PBXFileReference; lastKnownFileType = image.png; path = "refresh_button@2x.png"; sourceTree = "<group>"; };
		A6622BA5137A21E30002E03D /* UIApplication_TLCommon.h */ = {isa = PBXFileReference; fileEncoding = 4; lastKnownFileType = sourcecode.c.h; path = UIApplication_TLCommon.h; sourceTree = "<group>"; };
		A6622BA6137A21E30002E03D /* UIApplication_TLCommon.m */ = {isa = PBXFileReference; fileEncoding = 4; lastKnownFileType = sourcecode.c.objc; path = UIApplication_TLCommon.m; sourceTree = "<group>"; };
		A6622BA7137A21E30002E03D /* UIColor_Expanded.h */ = {isa = PBXFileReference; fileEncoding = 4; lastKnownFileType = sourcecode.c.h; path = UIColor_Expanded.h; sourceTree = "<group>"; };
		A6622BA8137A21E30002E03D /* UIColor_Expanded.m */ = {isa = PBXFileReference; fileEncoding = 4; lastKnownFileType = sourcecode.c.objc; path = UIColor_Expanded.m; sourceTree = "<group>"; };
		A6622BA9137A21E30002E03D /* Constants.h */ = {isa = PBXFileReference; fileEncoding = 4; lastKnownFileType = sourcecode.c.h; path = Constants.h; sourceTree = "<group>"; };
		A6622BAA137A21E30002E03D /* FlipsideView.h */ = {isa = PBXFileReference; fileEncoding = 4; lastKnownFileType = sourcecode.c.h; path = FlipsideView.h; sourceTree = "<group>"; };
		A6622BAB137A21E30002E03D /* FlipsideView.m */ = {isa = PBXFileReference; fileEncoding = 4; lastKnownFileType = sourcecode.c.objc; path = FlipsideView.m; sourceTree = "<group>"; };
		A6622BAC137A21E30002E03D /* FlipsideView.xib */ = {isa = PBXFileReference; lastKnownFileType = file.xib; path = FlipsideView.xib; sourceTree = "<group>"; };
		A6622BAD137A21E30002E03D /* FlipsideViewController.h */ = {isa = PBXFileReference; fileEncoding = 4; lastKnownFileType = sourcecode.c.h; path = FlipsideViewController.h; sourceTree = "<group>"; };
		A6622BAE137A21E30002E03D /* FlipsideViewController.m */ = {isa = PBXFileReference; fileEncoding = 4; lastKnownFileType = sourcecode.c.objc; path = FlipsideViewController.m; sourceTree = "<group>"; };
		A6622BAF137A21E30002E03D /* MainView.xib */ = {isa = PBXFileReference; lastKnownFileType = file.xib; path = MainView.xib; sourceTree = "<group>"; };
		A6622BB0137A21E30002E03D /* MainViewController.h */ = {isa = PBXFileReference; fileEncoding = 4; lastKnownFileType = sourcecode.c.h; path = MainViewController.h; sourceTree = "<group>"; };
		A6622BB1137A21E30002E03D /* MainViewController.m */ = {isa = PBXFileReference; fileEncoding = 4; lastKnownFileType = sourcecode.c.objc; path = MainViewController.m; sourceTree = "<group>"; };
		A6622BB2137A21E30002E03D /* MainWindow.xib */ = {isa = PBXFileReference; lastKnownFileType = file.xib; path = MainWindow.xib; sourceTree = "<group>"; };
		A6622BB3137A21E30002E03D /* YahooLocalSearch.h */ = {isa = PBXFileReference; fileEncoding = 4; lastKnownFileType = sourcecode.c.h; path = YahooLocalSearch.h; sourceTree = "<group>"; };
		A6622BB4137A21E30002E03D /* YahooLocalSearch.m */ = {isa = PBXFileReference; fileEncoding = 4; lastKnownFileType = sourcecode.c.objc; path = YahooLocalSearch.m; sourceTree = "<group>"; };
		A6622BB5137A21E30002E03D /* YorientAppDelegate.h */ = {isa = PBXFileReference; fileEncoding = 4; lastKnownFileType = sourcecode.c.h; path = YorientAppDelegate.h; sourceTree = "<group>"; };
		A6622BB6137A21E30002E03D /* YorientAppDelegate.m */ = {isa = PBXFileReference; fileEncoding = 4; lastKnownFileType = sourcecode.c.objc; path = YorientAppDelegate.m; sourceTree = "<group>"; };
		A6622BB9137A21E30002E03D /* BSJSONEncoder.h */ = {isa = PBXFileReference; fileEncoding = 4; lastKnownFileType = sourcecode.c.h; path = BSJSONEncoder.h; sourceTree = "<group>"; };
		A6622BBA137A21E30002E03D /* BSJSONEncoder.m */ = {isa = PBXFileReference; fileEncoding = 4; lastKnownFileType = sourcecode.c.objc; path = BSJSONEncoder.m; sourceTree = "<group>"; };
		A6622BBB137A21E30002E03D /* NSArray+BSJSONAdditions.h */ = {isa = PBXFileReference; fileEncoding = 4; lastKnownFileType = sourcecode.c.h; path = "NSArray+BSJSONAdditions.h"; sourceTree = "<group>"; };
		A6622BBC137A21E30002E03D /* NSArray+BSJSONAdditions.m */ = {isa = PBXFileReference; fileEncoding = 4; lastKnownFileType = sourcecode.c.objc; path = "NSArray+BSJSONAdditions.m"; sourceTree = "<group>"; };
		A6622BBD137A21E30002E03D /* NSDictionary+BSJSONAdditions.h */ = {isa = PBXFileReference; fileEncoding = 4; lastKnownFileType = sourcecode.c.h; path = "NSDictionary+BSJSONAdditions.h"; sourceTree = "<group>"; };
		A6622BBE137A21E30002E03D /* NSDictionary+BSJSONAdditions.m */ = {isa = PBXFileReference; fileEncoding = 4; lastKnownFileType = sourcecode.c.objc; path = "NSDictionary+BSJSONAdditions.m"; sourceTree = "<group>"; };
		A6622BBF137A21E30002E03D /* NSScanner+BSJSONAdditions.h */ = {isa = PBXFileReference; fileEncoding = 4; lastKnownFileType = sourcecode.c.h; path = "NSScanner+BSJSONAdditions.h"; sourceTree = "<group>"; };
		A6622BC0137A21E30002E03D /* NSScanner+BSJSONAdditions.m */ = {isa = PBXFileReference; fileEncoding = 4; lastKnownFileType = sourcecode.c.objc; path = "NSScanner+BSJSONAdditions.m"; sourceTree = "<group>"; };
		A6622BC1137A21E30002E03D /* NSString+BSJSONAdditions.h */ = {isa = PBXFileReference; fileEncoding = 4; lastKnownFileType = sourcecode.c.h; path = "NSString+BSJSONAdditions.h"; sourceTree = "<group>"; };
		A6622BC2137A21E30002E03D /* NSString+BSJSONAdditions.m */ = {isa = PBXFileReference; fileEncoding = 4; lastKnownFileType = sourcecode.c.objc; path = "NSString+BSJSONAdditions.m"; sourceTree = "<group>"; };
		A6622BC6137A21E30002E03D /* NSDictionary+ParamUtils.h */ = {isa = PBXFileReference; fileEncoding = 4; lastKnownFileType = sourcecode.c.h; path = "NSDictionary+ParamUtils.h"; sourceTree = "<group>"; };
		A6622BC7137A21E30002E03D /* NSDictionary+ParamUtils.m */ = {isa = PBXFileReference; fileEncoding = 4; lastKnownFileType = sourcecode.c.objc; path = "NSDictionary+ParamUtils.m"; sourceTree = "<group>"; };
		A6622BC8137A21E30002E03D /* NSObject+InvocationUtils.h */ = {isa = PBXFileReference; fileEncoding = 4; lastKnownFileType = sourcecode.c.h; path = "NSObject+InvocationUtils.h"; sourceTree = "<group>"; };
		A6622BC9137A21E30002E03D /* NSObject+InvocationUtils.m */ = {isa = PBXFileReference; fileEncoding = 4; lastKnownFileType = sourcecode.c.objc; path = "NSObject+InvocationUtils.m"; sourceTree = "<group>"; };
		A6622BCA137A21E30002E03D /* NSString+EscapingUtils.h */ = {isa = PBXFileReference; fileEncoding = 4; lastKnownFileType = sourcecode.c.h; path = "NSString+EscapingUtils.h"; sourceTree = "<group>"; };
		A6622BCB137A21E30002E03D /* NSString+EscapingUtils.m */ = {isa = PBXFileReference; fileEncoding = 4; lastKnownFileType = sourcecode.c.objc; path = "NSString+EscapingUtils.m"; sourceTree = "<group>"; };
		A6622BCD137A21E30002E03D /* HRFormatJSON.h */ = {isa = PBXFileReference; fileEncoding = 4; lastKnownFileType = sourcecode.c.h; path = HRFormatJSON.h; sourceTree = "<group>"; };
		A6622BCE137A21E30002E03D /* HRFormatJSON.m */ = {isa = PBXFileReference; fileEncoding = 4; lastKnownFileType = sourcecode.c.objc; path = HRFormatJSON.m; sourceTree = "<group>"; };
		A6622BCF137A21E30002E03D /* HRFormatterProtocol.h */ = {isa = PBXFileReference; fileEncoding = 4; lastKnownFileType = sourcecode.c.h; path = HRFormatterProtocol.h; sourceTree = "<group>"; };
		A6622BD0137A21E30002E03D /* HRFormatXML.h */ = {isa = PBXFileReference; fileEncoding = 4; lastKnownFileType = sourcecode.c.h; path = HRFormatXML.h; sourceTree = "<group>"; };
		A6622BD1137A21E30002E03D /* HRFormatXML.m */ = {isa = PBXFileReference; fileEncoding = 4; lastKnownFileType = sourcecode.c.objc; path = HRFormatXML.m; sourceTree = "<group>"; };
		A6622BD2137A21E30002E03D /* HRGlobal.h */ = {isa = PBXFileReference; fileEncoding = 4; lastKnownFileType = sourcecode.c.h; path = HRGlobal.h; sourceTree = "<group>"; };
		A6622BD3137A21E30002E03D /* HRGlobal.m */ = {isa = PBXFileReference; fileEncoding = 4; lastKnownFileType = sourcecode.c.objc; path = HRGlobal.m; sourceTree = "<group>"; };
		A6622BD4137A21E30002E03D /* HROperationQueue.h */ = {isa = PBXFileReference; fileEncoding = 4; lastKnownFileType = sourcecode.c.h; path = HROperationQueue.h; sourceTree = "<group>"; };
		A6622BD5137A21E30002E03D /* HROperationQueue.m */ = {isa = PBXFileReference; fileEncoding = 4; lastKnownFileType = sourcecode.c.objc; path = HROperationQueue.m; sourceTree = "<group>"; };
		A6622BD6137A21E30002E03D /* HRRequestOperation.h */ = {isa = PBXFileReference; fileEncoding = 4; lastKnownFileType = sourcecode.c.h; path = HRRequestOperation.h; sourceTree = "<group>"; };
		A6622BD7137A21E30002E03D /* HRRequestOperation.m */ = {isa = PBXFileReference; fileEncoding = 4; lastKnownFileType = sourcecode.c.objc; path = HRRequestOperation.m; sourceTree = "<group>"; };
		A6622BD8137A21E30002E03D /* HRResponseDelegate.h */ = {isa = PBXFileReference; fileEncoding = 4; lastKnownFileType = sourcecode.c.h; path = HRResponseDelegate.h; sourceTree = "<group>"; };
		A6622BD9137A21E30002E03D /* HRRestModel.h */ = {isa = PBXFileReference; fileEncoding = 4; lastKnownFileType = sourcecode.c.h; path = HRRestModel.h; sourceTree = "<group>"; };
		A6622BDA137A21E30002E03D /* HRRestModel.m */ = {isa = PBXFileReference; fileEncoding = 4; lastKnownFileType = sourcecode.c.objc; path = HRRestModel.m; sourceTree = "<group>"; };
		A6622BDB137A21E30002E03D /* HTTPRiot.h */ = {isa = PBXFileReference; fileEncoding = 4; lastKnownFileType = sourcecode.c.h; path = HTTPRiot.h; sourceTree = "<group>"; };
		A6622BDC137A21E30002E03D /* HTTPRiot_Prefix.pch */ = {isa = PBXFileReference; fileEncoding = 4; lastKnownFileType = sourcecode.c.h; path = HTTPRiot_Prefix.pch; sourceTree = "<group>"; };
		A6622BDE137A21E30002E03D /* HRBase64.h */ = {isa = PBXFileReference; fileEncoding = 4; lastKnownFileType = sourcecode.c.h; path = HRBase64.h; sourceTree = "<group>"; };
		A6622BDF137A21E30002E03D /* HRBase64.m */ = {isa = PBXFileReference; fileEncoding = 4; lastKnownFileType = sourcecode.c.objc; path = HRBase64.m; sourceTree = "<group>"; };
		A6622BE2137A21E30002E03D /* AIXMLDocumentSerialize.h */ = {isa = PBXFileReference; fileEncoding = 4; lastKnownFileType = sourcecode.c.h; path = AIXMLDocumentSerialize.h; sourceTree = "<group>"; };
		A6622BE3137A21E30002E03D /* AIXMLDocumentSerialize.m */ = {isa = PBXFileReference; fileEncoding = 4; lastKnownFileType = sourcecode.c.objc; path = AIXMLDocumentSerialize.m; sourceTree = "<group>"; };
		A6622BE4137A21E30002E03D /* AIXMLElementSerialize.h */ = {isa = PBXFileReference; fileEncoding = 4; lastKnownFileType = sourcecode.c.h; path = AIXMLElementSerialize.h; sourceTree = "<group>"; };
		A6622BE5137A21E30002E03D /* AIXMLElementSerialize.m */ = {isa = PBXFileReference; fileEncoding = 4; lastKnownFileType = sourcecode.c.objc; path = AIXMLElementSerialize.m; sourceTree = "<group>"; };
		A6622BE6137A21E30002E03D /* AIXMLSerialization.h */ = {isa = PBXFileReference; fileEncoding = 4; lastKnownFileType = sourcecode.c.h; path = AIXMLSerialization.h; sourceTree = "<group>"; };
		A6622BE8137A21E30002E03D /* CREDITS */ = {isa = PBXFileReference; fileEncoding = 4; lastKnownFileType = text; path = CREDITS; sourceTree = "<group>"; };
		A6622BE9137A21E30002E03D /* JSON.h */ = {isa = PBXFileReference; fileEncoding = 4; lastKnownFileType = sourcecode.c.h; path = JSON.h; sourceTree = "<group>"; };
		A6622BEA137A21E30002E03D /* NSObject+SBJSON.h */ = {isa = PBXFileReference; fileEncoding = 4; lastKnownFileType = sourcecode.c.h; path = "NSObject+SBJSON.h"; sourceTree = "<group>"; };
		A6622BEB137A21E30002E03D /* NSObject+SBJSON.m */ = {isa = PBXFileReference; fileEncoding = 4; lastKnownFileType = sourcecode.c.objc; path = "NSObject+SBJSON.m"; sourceTree = "<group>"; };
		A6622BEC137A21E30002E03D /* NSString+SBJSON.h */ = {isa = PBXFileReference; fileEncoding = 4; lastKnownFileType = sourcecode.c.h; path = "NSString+SBJSON.h"; sourceTree = "<group>"; };
		A6622BED137A21E30002E03D /* NSString+SBJSON.m */ = {isa = PBXFileReference; fileEncoding = 4; lastKnownFileType = sourcecode.c.objc; path = "NSString+SBJSON.m"; sourceTree = "<group>"; };
		A6622BEE137A21E30002E03D /* SBJSON.h */ = {isa = PBXFileReference; fileEncoding = 4; lastKnownFileType = sourcecode.c.h; path = SBJSON.h; sourceTree = "<group>"; };
		A6622BEF137A21E30002E03D /* SBJSON.m */ = {isa = PBXFileReference; fileEncoding = 4; lastKnownFileType = sourcecode.c.objc; path = SBJSON.m; sourceTree = "<group>"; };
		A6622BF0137A21E30002E03D /* SBJsonBase.h */ = {isa = PBXFileReference; fileEncoding = 4; lastKnownFileType = sourcecode.c.h; path = SBJsonBase.h; sourceTree = "<group>"; };
		A6622BF1137A21E30002E03D /* SBJsonBase.m */ = {isa = PBXFileReference; fileEncoding = 4; lastKnownFileType = sourcecode.c.objc; path = SBJsonBase.m; sourceTree = "<group>"; };
		A6622BF2137A21E30002E03D /* SBJsonParser.h */ = {isa = PBXFileReference; fileEncoding = 4; lastKnownFileType = sourcecode.c.h; path = SBJsonParser.h; sourceTree = "<group>"; };
		A6622BF3137A21E30002E03D /* SBJsonParser.m */ = {isa = PBXFileReference; fileEncoding = 4; lastKnownFileType = sourcecode.c.objc; path = SBJsonParser.m; sourceTree = "<group>"; };
		A6622BF4137A21E30002E03D /* SBJsonWriter.h */ = {isa = PBXFileReference; fileEncoding = 4; lastKnownFileType = sourcecode.c.h; path = SBJsonWriter.h; sourceTree = "<group>"; };
		A6622BF5137A21E30002E03D /* SBJsonWriter.m */ = {isa = PBXFileReference; fileEncoding = 4; lastKnownFileType = sourcecode.c.objc; path = SBJsonWriter.m; sourceTree = "<group>"; };
		A6622BF7137A21E30002E03D /* DDXML.h */ = {isa = PBXFileReference; fileEncoding = 4; lastKnownFileType = sourcecode.c.h; path = DDXML.h; sourceTree = "<group>"; };
		A6622BF8137A21E30002E03D /* DDXMLDocument.h */ = {isa = PBXFileReference; fileEncoding = 4; lastKnownFileType = sourcecode.c.h; path = DDXMLDocument.h; sourceTree = "<group>"; };
		A6622BF9137A21E30002E03D /* DDXMLDocument.m */ = {isa = PBXFileReference; fileEncoding = 4; lastKnownFileType = sourcecode.c.objc; path = DDXMLDocument.m; sourceTree = "<group>"; };
		A6622BFA137A21E30002E03D /* DDXMLElement.h */ = {isa = PBXFileReference; fileEncoding = 4; lastKnownFileType = sourcecode.c.h; path = DDXMLElement.h; sourceTree = "<group>"; };
		A6622BFB137A21E30002E03D /* DDXMLElement.m */ = {isa = PBXFileReference; fileEncoding = 4; lastKnownFileType = sourcecode.c.objc; path = DDXMLElement.m; sourceTree = "<group>"; };
		A6622BFC137A21E30002E03D /* DDXMLElementAdditions.h */ = {isa = PBXFileReference; fileEncoding = 4; lastKnownFileType = sourcecode.c.h; path = DDXMLElementAdditions.h; sourceTree = "<group>"; };
		A6622BFD137A21E30002E03D /* DDXMLElementAdditions.m */ = {isa = PBXFileReference; fileEncoding = 4; lastKnownFileType = sourcecode.c.objc; path = DDXMLElementAdditions.m; sourceTree = "<group>"; };
		A6622BFE137A21E30002E03D /* DDXMLNode.h */ = {isa = PBXFileReference; fileEncoding = 4; lastKnownFileType = sourcecode.c.h; path = DDXMLNode.h; sourceTree = "<group>"; };
		A6622BFF137A21E30002E03D /* DDXMLNode.m */ = {isa = PBXFileReference; fileEncoding = 4; lastKnownFileType = sourcecode.c.objc; path = DDXMLNode.m; sourceTree = "<group>"; };
		A6622C00137A21E30002E03D /* DDXMLPrivate.h */ = {isa = PBXFileReference; fileEncoding = 4; lastKnownFileType = sourcecode.c.h; path = DDXMLPrivate.h; sourceTree = "<group>"; };
		A6622C01137A21E30002E03D /* NSStringAdditions.h */ = {isa = PBXFileReference; fileEncoding = 4; lastKnownFileType = sourcecode.c.h; path = NSStringAdditions.h; sourceTree = "<group>"; };
		A6622C02137A21E30002E03D /* NSStringAdditions.m */ = {isa = PBXFileReference; fileEncoding = 4; lastKnownFileType = sourcecode.c.objc; path = NSStringAdditions.m; sourceTree = "<group>"; };
		A6792FFF13D7C2D60000ECD7 /* 3dar.plist */ = {isa = PBXFileReference; fileEncoding = 4; lastKnownFileType = text.plist.xml; path = 3dar.plist; sourceTree = "<group>"; };
		A679300213D7C2D60000ECD7 /* 3dar_logo.png */ = {isa = PBXFileReference; lastKnownFileType = image.png; path = 3dar_logo.png; sourceTree = "<group>"; };
		A679300313D7C2D60000ECD7 /* 3dar_marker_icon1.png */ = {isa = PBXFileReference; lastKnownFileType = image.png; path = 3dar_marker_icon1.png; sourceTree = "<group>"; };
		A679300413D7C2D60000ECD7 /* 3dar_marker_icon1_focused.png */ = {isa = PBXFileReference; lastKnownFileType = image.png; path = 3dar_marker_icon1_focused.png; sourceTree = "<group>"; };
		A679300513D7C2D60000ECD7 /* 3dar_pano_bg.png */ = {isa = PBXFileReference; lastKnownFileType = image.png; path = 3dar_pano_bg.png; sourceTree = "<group>"; };
		A679300613D7C2D60000ECD7 /* bubble.png */ = {isa = PBXFileReference; lastKnownFileType = image.png; path = bubble.png; sourceTree = "<group>"; };
		A679300813D7C2D60000ECD7 /* cube.obj */ = {isa = PBXFileReference; fileEncoding = 4; lastKnownFileType = text; path = cube.obj; sourceTree = "<group>"; };
		A679300913D7C2D60000ECD7 /* moebius.obj */ = {isa = PBXFileReference; fileEncoding = 4; lastKnownFileType = text; path = moebius.obj; sourceTree = "<group>"; };
		A679300A13D7C2D60000ECD7 /* sphere.obj */ = {isa = PBXFileReference; fileEncoding = 4; lastKnownFileType = text; path = sphere.obj; sourceTree = "<group>"; };
		A679300B13D7C2D60000ECD7 /* star.obj */ = {isa = PBXFileReference; fileEncoding = 4; lastKnownFileType = text; path = star.obj; sourceTree = "<group>"; };
		A679300C13D7C2D60000ECD7 /* ufo.obj */ = {isa = PBXFileReference; fileEncoding = 4; lastKnownFileType = text; path = ufo.obj; sourceTree = "<group>"; };
		A679300F13D7C2D70000ECD7 /* SM3DAR.h */ = {isa = PBXFileReference; fileEncoding = 4; lastKnownFileType = sourcecode.c.h; path = SM3DAR.h; sourceTree = "<group>"; };
		A679301013D7C2D70000ECD7 /* SM3DAR_keys.txt */ = {isa = PBXFileReference; fileEncoding = 4; lastKnownFileType = text; path = SM3DAR_keys.txt; sourceTree = "<group>"; };
		A679302813D7CE2D0000ECD7 /* ar_icon_black_34x34.png */ = {isa = PBXFileReference; lastKnownFileType = image.png; path = ar_icon_black_34x34.png; sourceTree = "<group>"; };
		A679302913D7CE2D0000ECD7 /* ar_icon_white_34x34.png */ = {isa = PBXFileReference; lastKnownFileType = image.png; path = ar_icon_white_34x34.png; sourceTree = "<group>"; };
		A679306B13D7D4B80000ECD7 /* lib3DAR_v0_9_6.a */ = {isa = PBXFileReference; lastKnownFileType = archive.ar; path = lib3DAR_v0_9_6.a; sourceTree = "<group>"; };
		A6BE263713811F0E000A4A4F /* BirdseyeView.h */ = {isa = PBXFileReference; fileEncoding = 4; lastKnownFileType = sourcecode.c.h; path = BirdseyeView.h; sourceTree = "<group>"; };
		A6BE263813811F0F000A4A4F /* BirdseyeView.m */ = {isa = PBXFileReference; fileEncoding = 4; lastKnownFileType = sourcecode.c.objc; path = BirdseyeView.m; sourceTree = "<group>"; };
		A6BFE081130B7484007D8CA3 /* Default.png */ = {isa = PBXFileReference; lastKnownFileType = image.png; path = Default.png; sourceTree = "<group>"; };
		A6BFE082130B7484007D8CA3 /* focus1.aif */ = {isa = PBXFileReference; lastKnownFileType = file; path = focus1.aif; sourceTree = "<group>"; };
		A6BFE083130B7484007D8CA3 /* focus2.aif */ = {isa = PBXFileReference; lastKnownFileType = file; path = focus2.aif; sourceTree = "<group>"; };
		A6BFE084130B7484007D8CA3 /* focus3.aif */ = {isa = PBXFileReference; lastKnownFileType = file; path = focus3.aif; sourceTree = "<group>"; };
		A6BFE085130B7484007D8CA3 /* Icon.png */ = {isa = PBXFileReference; lastKnownFileType = image.png; path = Icon.png; sourceTree = "<group>"; };
		A6BFE086130B7484007D8CA3 /* spot_metrix_logo.jpg */ = {isa = PBXFileReference; lastKnownFileType = image.jpeg; path = spot_metrix_logo.jpg; sourceTree = "<group>"; };
		A6D68FAF137A692A00402D63 /* Debug.xcconfig */ = {isa = PBXFileReference; fileEncoding = 4; lastKnownFileType = text.xcconfig; path = Debug.xcconfig; sourceTree = "<group>"; };
		A6D68FB0137A692A00402D63 /* Distribution.xcconfig */ = {isa = PBXFileReference; fileEncoding = 4; lastKnownFileType = text.xcconfig; path = Distribution.xcconfig; sourceTree = "<group>"; };
		A6D68FB1137A692A00402D63 /* Private.xcconfig */ = {isa = PBXFileReference; fileEncoding = 4; lastKnownFileType = text.xcconfig; path = Private.xcconfig; sourceTree = "<group>"; };
		A6D68FB2137A692A00402D63 /* Release.xcconfig */ = {isa = PBXFileReference; fileEncoding = 4; lastKnownFileType = text.xcconfig; path = Release.xcconfig; sourceTree = "<group>"; };
		A6D68FB3137A692A00402D63 /* Shared.xcconfig */ = {isa = PBXFileReference; fileEncoding = 4; lastKnownFileType = text.xcconfig; path = Shared.xcconfig; sourceTree = "<group>"; };
		A6D68FB9137A697900402D63 /* CFNetwork.framework */ = {isa = PBXFileReference; lastKnownFileType = wrapper.framework; name = CFNetwork.framework; path = System/Library/Frameworks/CFNetwork.framework; sourceTree = SDKROOT; };
		A6D68FBD137A69B400402D63 /* MobileCoreServices.framework */ = {isa = PBXFileReference; lastKnownFileType = wrapper.framework; name = MobileCoreServices.framework; path = System/Library/Frameworks/MobileCoreServices.framework; sourceTree = SDKROOT; };
		A6D68FBF137A69B400402D63 /* SystemConfiguration.framework */ = {isa = PBXFileReference; lastKnownFileType = wrapper.framework; name = SystemConfiguration.framework; path = System/Library/Frameworks/SystemConfiguration.framework; sourceTree = SDKROOT; };
		A6D68FC3137A69C800402D63 /* libz.dylib */ = {isa = PBXFileReference; lastKnownFileType = "compiled.mach-o.dylib"; name = libz.dylib; path = usr/lib/libz.dylib; sourceTree = SDKROOT; };
/* End PBXFileReference section */

/* Begin PBXFrameworksBuildPhase section */
		1D60588F0D05DD3D006BFB54 /* Frameworks */ = {
			isa = PBXFrameworksBuildPhase;
			buildActionMask = 2147483647;
			files = (
				A645425712A4E3B40014F23C /* AudioToolbox.framework in Frameworks */,
				A645425912A4E3B40014F23C /* CoreGraphics.framework in Frameworks */,
				A645425B12A4E3B40014F23C /* CoreLocation.framework in Frameworks */,
				A645425D12A4E3B40014F23C /* CoreMotion.framework in Frameworks */,
				A645425F12A4E3B40014F23C /* Foundation.framework in Frameworks */,
				A645426112A4E3B40014F23C /* MapKit.framework in Frameworks */,
				A645426312A4E3B40014F23C /* OpenGLES.framework in Frameworks */,
				A645426512A4E3B40014F23C /* QuartzCore.framework in Frameworks */,
				A645426712A4E3B40014F23C /* UIKit.framework in Frameworks */,
				A6D68FBA137A697900402D63 /* CFNetwork.framework in Frameworks */,
				A6D68FBE137A69B400402D63 /* MobileCoreServices.framework in Frameworks */,
				A6D68FC0137A69B400402D63 /* SystemConfiguration.framework in Frameworks */,
				A6D68FC4137A69C800402D63 /* libz.dylib in Frameworks */,
				A64E69BB137C9B32003A06B5 /* SimpleGeo.framework in Frameworks */,
				A64E69BD137C9B32003A06B5 /* YAJL.framework in Frameworks */,
				A679306C13D7D4B80000ECD7 /* lib3DAR_v0_9_6.a in Frameworks */,
			);
			runOnlyForDeploymentPostprocessing = 0;
		};
/* End PBXFrameworksBuildPhase section */

/* Begin PBXGroup section */
		19C28FACFE9D520D11CA2CBB /* Products */ = {
			isa = PBXGroup;
			children = (
				1D6058910D05DD3D006BFB54 /* Yorient.app */,
			);
			name = Products;
			sourceTree = "<group>";
		};
		29B97314FDCFA39411CA2CEA /* CustomTemplate */ = {
			isa = PBXGroup;
			children = (
				A6792FFE13D7C2D60000ECD7 /* 3DAR */,
				A6D68FAE137A692A00402D63 /* Build Configuration */,
				A6334ACC130B7416004AFB13 /* Assets */,
				29B97315FDCFA39411CA2CEA /* Other Sources */,
				A64E69B9137C9B20003A06B5 /* ext */,
				29B97317FDCFA39411CA2CEA /* Resources */,
				A6622BA3137A21E30002E03D /* Source */,
				A6622BB7137A21E30002E03D /* Vendor */,
				29B97323FDCFA39411CA2CEA /* Frameworks */,
				19C28FACFE9D520D11CA2CBB /* Products */,
			);
			name = CustomTemplate;
			sourceTree = "<group>";
		};
		29B97315FDCFA39411CA2CEA /* Other Sources */ = {
			isa = PBXGroup;
			children = (
				29B97316FDCFA39411CA2CEA /* main.m */,
				32CA4F630368D1EE00C91783 /* Yorient_Prefix.pch */,
			);
			name = "Other Sources";
			sourceTree = "<group>";
		};
		29B97317FDCFA39411CA2CEA /* Resources */ = {
			isa = PBXGroup;
			children = (
				8D1107310486CEB800E47090 /* Yorient-Info.plist */,
			);
			name = Resources;
			sourceTree = "<group>";
		};
		29B97323FDCFA39411CA2CEA /* Frameworks */ = {
			isa = PBXGroup;
			children = (
				A6D68FB9137A697900402D63 /* CFNetwork.framework */,
				A6D68FBD137A69B400402D63 /* MobileCoreServices.framework */,
				A6D68FBF137A69B400402D63 /* SystemConfiguration.framework */,
				A6D68FC3137A69C800402D63 /* libz.dylib */,
				A645425612A4E3B40014F23C /* AudioToolbox.framework */,
				A645425812A4E3B40014F23C /* CoreGraphics.framework */,
				A645425A12A4E3B40014F23C /* CoreLocation.framework */,
				A645425C12A4E3B40014F23C /* CoreMotion.framework */,
				A645425E12A4E3B40014F23C /* Foundation.framework */,
				A645426012A4E3B40014F23C /* MapKit.framework */,
				A645426212A4E3B40014F23C /* OpenGLES.framework */,
				A645426412A4E3B40014F23C /* QuartzCore.framework */,
				A645426612A4E3B40014F23C /* UIKit.framework */,
			);
			name = Frameworks;
			sourceTree = "<group>";
		};
		A6334ACC130B7416004AFB13 /* Assets */ = {
			isa = PBXGroup;
			children = (
				A64E6BFD137CB5C5003A06B5 /* refresh_button.png */,
				A64E6BFE137CB5C6003A06B5 /* refresh_button@2x.png */,
				A6BFE081130B7484007D8CA3 /* Default.png */,
				A6BFE082130B7484007D8CA3 /* focus1.aif */,
				A6BFE083130B7484007D8CA3 /* focus2.aif */,
				A6BFE084130B7484007D8CA3 /* focus3.aif */,
				A6BFE085130B7484007D8CA3 /* Icon.png */,
				A6BFE086130B7484007D8CA3 /* spot_metrix_logo.jpg */,
			);
			path = Assets;
			sourceTree = "<group>";
		};
		A64E69B9137C9B20003A06B5 /* ext */ = {
			isa = PBXGroup;
			children = (
				A64E69BA137C9B32003A06B5 /* SimpleGeo.framework */,
				A64E69BC137C9B32003A06B5 /* YAJL.framework */,
			);
			path = ext;
			sourceTree = "<group>";
		};
		A6622BA3137A21E30002E03D /* Source */ = {
			isa = PBXGroup;
			children = (
				A6BE263713811F0E000A4A4F /* BirdseyeView.h */,
				A6BE263813811F0F000A4A4F /* BirdseyeView.m */,
				A6622BA4137A21E30002E03D /* Categories */,
				A6622BA9137A21E30002E03D /* Constants.h */,
				A6622BAA137A21E30002E03D /* FlipsideView.h */,
				A6622BAB137A21E30002E03D /* FlipsideView.m */,
				A6622BAC137A21E30002E03D /* FlipsideView.xib */,
				A6622BAD137A21E30002E03D /* FlipsideViewController.h */,
				A6622BAE137A21E30002E03D /* FlipsideViewController.m */,
				A6622BAF137A21E30002E03D /* MainView.xib */,
				A6622BB0137A21E30002E03D /* MainViewController.h */,
				A6622BB1137A21E30002E03D /* MainViewController.m */,
				A6622BB2137A21E30002E03D /* MainWindow.xib */,
				A6622BB3137A21E30002E03D /* YahooLocalSearch.h */,
				A6622BB4137A21E30002E03D /* YahooLocalSearch.m */,
				A6622BB5137A21E30002E03D /* YorientAppDelegate.h */,
				A6622BB6137A21E30002E03D /* YorientAppDelegate.m */,
			);
			path = Source;
			sourceTree = "<group>";
		};
		A6622BA4137A21E30002E03D /* Categories */ = {
			isa = PBXGroup;
			children = (
				A6622BA5137A21E30002E03D /* UIApplication_TLCommon.h */,
				A6622BA6137A21E30002E03D /* UIApplication_TLCommon.m */,
				A6622BA7137A21E30002E03D /* UIColor_Expanded.h */,
				A6622BA8137A21E30002E03D /* UIColor_Expanded.m */,
			);
			path = Categories;
			sourceTree = "<group>";
		};
		A6622BB7137A21E30002E03D /* Vendor */ = {
			isa = PBXGroup;
			children = (
				A6622BB8137A21E30002E03D /* BSJSONAdditions */,
				A6622BC3137A21E30002E03D /* HTTPRiot */,
			);
			path = Vendor;
			sourceTree = "<group>";
		};
		A6622BB8137A21E30002E03D /* BSJSONAdditions */ = {
			isa = PBXGroup;
			children = (
				A6622BB9137A21E30002E03D /* BSJSONEncoder.h */,
				A6622BBA137A21E30002E03D /* BSJSONEncoder.m */,
				A6622BBB137A21E30002E03D /* NSArray+BSJSONAdditions.h */,
				A6622BBC137A21E30002E03D /* NSArray+BSJSONAdditions.m */,
				A6622BBD137A21E30002E03D /* NSDictionary+BSJSONAdditions.h */,
				A6622BBE137A21E30002E03D /* NSDictionary+BSJSONAdditions.m */,
				A6622BBF137A21E30002E03D /* NSScanner+BSJSONAdditions.h */,
				A6622BC0137A21E30002E03D /* NSScanner+BSJSONAdditions.m */,
				A6622BC1137A21E30002E03D /* NSString+BSJSONAdditions.h */,
				A6622BC2137A21E30002E03D /* NSString+BSJSONAdditions.m */,
			);
			path = BSJSONAdditions;
			sourceTree = "<group>";
		};
		A6622BC3137A21E30002E03D /* HTTPRiot */ = {
			isa = PBXGroup;
			children = (
				A6622BC4137A21E30002E03D /* httpriot-0.6.11 */,
			);
			path = HTTPRiot;
			sourceTree = "<group>";
		};
		A6622BC4137A21E30002E03D /* httpriot-0.6.11 */ = {
			isa = PBXGroup;
			children = (
				A6622BC5137A21E30002E03D /* Extensions */,
				A6622BCC137A21E30002E03D /* Formatters */,
				A6622BD2137A21E30002E03D /* HRGlobal.h */,
				A6622BD3137A21E30002E03D /* HRGlobal.m */,
				A6622BD4137A21E30002E03D /* HROperationQueue.h */,
				A6622BD5137A21E30002E03D /* HROperationQueue.m */,
				A6622BD6137A21E30002E03D /* HRRequestOperation.h */,
				A6622BD7137A21E30002E03D /* HRRequestOperation.m */,
				A6622BD8137A21E30002E03D /* HRResponseDelegate.h */,
				A6622BD9137A21E30002E03D /* HRRestModel.h */,
				A6622BDA137A21E30002E03D /* HRRestModel.m */,
				A6622BDB137A21E30002E03D /* HTTPRiot.h */,
				A6622BDC137A21E30002E03D /* HTTPRiot_Prefix.pch */,
				A6622BDD137A21E30002E03D /* Utilities */,
				A6622BE0137A21E30002E03D /* Vendor */,
			);
			path = "httpriot-0.6.11";
			sourceTree = "<group>";
		};
		A6622BC5137A21E30002E03D /* Extensions */ = {
			isa = PBXGroup;
			children = (
				A6622BC6137A21E30002E03D /* NSDictionary+ParamUtils.h */,
				A6622BC7137A21E30002E03D /* NSDictionary+ParamUtils.m */,
				A6622BC8137A21E30002E03D /* NSObject+InvocationUtils.h */,
				A6622BC9137A21E30002E03D /* NSObject+InvocationUtils.m */,
				A6622BCA137A21E30002E03D /* NSString+EscapingUtils.h */,
				A6622BCB137A21E30002E03D /* NSString+EscapingUtils.m */,
			);
			path = Extensions;
			sourceTree = "<group>";
		};
		A6622BCC137A21E30002E03D /* Formatters */ = {
			isa = PBXGroup;
			children = (
				A6622BCD137A21E30002E03D /* HRFormatJSON.h */,
				A6622BCE137A21E30002E03D /* HRFormatJSON.m */,
				A6622BCF137A21E30002E03D /* HRFormatterProtocol.h */,
				A6622BD0137A21E30002E03D /* HRFormatXML.h */,
				A6622BD1137A21E30002E03D /* HRFormatXML.m */,
			);
			path = Formatters;
			sourceTree = "<group>";
		};
		A6622BDD137A21E30002E03D /* Utilities */ = {
			isa = PBXGroup;
			children = (
				A6622BDE137A21E30002E03D /* HRBase64.h */,
				A6622BDF137A21E30002E03D /* HRBase64.m */,
			);
			path = Utilities;
			sourceTree = "<group>";
		};
		A6622BE0137A21E30002E03D /* Vendor */ = {
			isa = PBXGroup;
			children = (
				A6622BE1137A21E30002E03D /* AIXMLSerialization */,
				A6622BE7137A21E30002E03D /* JSON */,
				A6622BF6137A21E30002E03D /* KissXML */,
			);
			path = Vendor;
			sourceTree = "<group>";
		};
		A6622BE1137A21E30002E03D /* AIXMLSerialization */ = {
			isa = PBXGroup;
			children = (
				A6622BE2137A21E30002E03D /* AIXMLDocumentSerialize.h */,
				A6622BE3137A21E30002E03D /* AIXMLDocumentSerialize.m */,
				A6622BE4137A21E30002E03D /* AIXMLElementSerialize.h */,
				A6622BE5137A21E30002E03D /* AIXMLElementSerialize.m */,
				A6622BE6137A21E30002E03D /* AIXMLSerialization.h */,
			);
			path = AIXMLSerialization;
			sourceTree = "<group>";
		};
		A6622BE7137A21E30002E03D /* JSON */ = {
			isa = PBXGroup;
			children = (
				A6622BE8137A21E30002E03D /* CREDITS */,
				A6622BE9137A21E30002E03D /* JSON.h */,
				A6622BEA137A21E30002E03D /* NSObject+SBJSON.h */,
				A6622BEB137A21E30002E03D /* NSObject+SBJSON.m */,
				A6622BEC137A21E30002E03D /* NSString+SBJSON.h */,
				A6622BED137A21E30002E03D /* NSString+SBJSON.m */,
				A6622BEE137A21E30002E03D /* SBJSON.h */,
				A6622BEF137A21E30002E03D /* SBJSON.m */,
				A6622BF0137A21E30002E03D /* SBJsonBase.h */,
				A6622BF1137A21E30002E03D /* SBJsonBase.m */,
				A6622BF2137A21E30002E03D /* SBJsonParser.h */,
				A6622BF3137A21E30002E03D /* SBJsonParser.m */,
				A6622BF4137A21E30002E03D /* SBJsonWriter.h */,
				A6622BF5137A21E30002E03D /* SBJsonWriter.m */,
			);
			path = JSON;
			sourceTree = "<group>";
		};
		A6622BF6137A21E30002E03D /* KissXML */ = {
			isa = PBXGroup;
			children = (
				A6622BF7137A21E30002E03D /* DDXML.h */,
				A6622BF8137A21E30002E03D /* DDXMLDocument.h */,
				A6622BF9137A21E30002E03D /* DDXMLDocument.m */,
				A6622BFA137A21E30002E03D /* DDXMLElement.h */,
				A6622BFB137A21E30002E03D /* DDXMLElement.m */,
				A6622BFC137A21E30002E03D /* DDXMLElementAdditions.h */,
				A6622BFD137A21E30002E03D /* DDXMLElementAdditions.m */,
				A6622BFE137A21E30002E03D /* DDXMLNode.h */,
				A6622BFF137A21E30002E03D /* DDXMLNode.m */,
				A6622C00137A21E30002E03D /* DDXMLPrivate.h */,
				A6622C01137A21E30002E03D /* NSStringAdditions.h */,
				A6622C02137A21E30002E03D /* NSStringAdditions.m */,
			);
			path = KissXML;
			sourceTree = "<group>";
		};
		A6792FFE13D7C2D60000ECD7 /* 3DAR */ = {
			isa = PBXGroup;
			children = (
				A6792FFF13D7C2D60000ECD7 /* 3dar.plist */,
				A679300013D7C2D60000ECD7 /* Assets */,
				A679300D13D7C2D60000ECD7 /* Lib */,
				A679300F13D7C2D70000ECD7 /* SM3DAR.h */,
				A679301013D7C2D70000ECD7 /* SM3DAR_keys.txt */,
			);
			path = 3DAR;
			sourceTree = "<group>";
		};
		A679300013D7C2D60000ECD7 /* Assets */ = {
			isa = PBXGroup;
			children = (
				A679300113D7C2D60000ECD7 /* images */,
				A679300713D7C2D60000ECD7 /* models */,
			);
			path = Assets;
			sourceTree = "<group>";
		};
		A679300113D7C2D60000ECD7 /* images */ = {
			isa = PBXGroup;
			children = (
				A679300213D7C2D60000ECD7 /* 3dar_logo.png */,
				A679300313D7C2D60000ECD7 /* 3dar_marker_icon1.png */,
				A679300413D7C2D60000ECD7 /* 3dar_marker_icon1_focused.png */,
				A679300513D7C2D60000ECD7 /* 3dar_pano_bg.png */,
				A679302813D7CE2D0000ECD7 /* ar_icon_black_34x34.png */,
				A679302913D7CE2D0000ECD7 /* ar_icon_white_34x34.png */,
				A679300613D7C2D60000ECD7 /* bubble.png */,
			);
			path = images;
			sourceTree = "<group>";
		};
		A679300713D7C2D60000ECD7 /* models */ = {
			isa = PBXGroup;
			children = (
				A679300813D7C2D60000ECD7 /* cube.obj */,
				A679300913D7C2D60000ECD7 /* moebius.obj */,
				A679300A13D7C2D60000ECD7 /* sphere.obj */,
				A679300B13D7C2D60000ECD7 /* star.obj */,
				A679300C13D7C2D60000ECD7 /* ufo.obj */,
			);
			path = models;
			sourceTree = "<group>";
		};
		A679300D13D7C2D60000ECD7 /* Lib */ = {
			isa = PBXGroup;
			children = (
				A679306B13D7D4B80000ECD7 /* lib3DAR_v0_9_6.a */,
			);
			path = Lib;
			sourceTree = "<group>";
		};
		A6D68FAE137A692A00402D63 /* Build Configuration */ = {
			isa = PBXGroup;
			children = (
				A6D68FAF137A692A00402D63 /* Debug.xcconfig */,
				A6D68FB0137A692A00402D63 /* Distribution.xcconfig */,
				A6D68FB1137A692A00402D63 /* Private.xcconfig */,
				A6D68FB2137A692A00402D63 /* Release.xcconfig */,
				A6D68FB3137A692A00402D63 /* Shared.xcconfig */,
			);
			name = "Build Configuration";
			sourceTree = "<group>";
		};
/* End PBXGroup section */

/* Begin PBXNativeTarget section */
		1D6058900D05DD3D006BFB54 /* Yorient */ = {
			isa = PBXNativeTarget;
			buildConfigurationList = 1D6058960D05DD3E006BFB54 /* Build configuration list for PBXNativeTarget "Yorient" */;
			buildPhases = (
				1D60588D0D05DD3D006BFB54 /* Resources */,
				1D60588E0D05DD3D006BFB54 /* Sources */,
				1D60588F0D05DD3D006BFB54 /* Frameworks */,
			);
			buildRules = (
			);
			dependencies = (
			);
			name = Yorient;
			productName = SM3DARViewer;
			productReference = 1D6058910D05DD3D006BFB54 /* Yorient.app */;
			productType = "com.apple.product-type.application";
		};
/* End PBXNativeTarget section */

/* Begin PBXProject section */
		29B97313FDCFA39411CA2CEA /* Project object */ = {
			isa = PBXProject;
			buildConfigurationList = C01FCF4E08A954540054247B /* Build configuration list for PBXProject "Yorient" */;
			compatibilityVersion = "Xcode 3.1";
			developmentRegion = English;
			hasScannedForEncodings = 1;
			knownRegions = (
				English,
				Japanese,
				French,
				German,
				en,
			);
			mainGroup = 29B97314FDCFA39411CA2CEA /* CustomTemplate */;
			projectDirPath = "";
			projectRoot = "";
			targets = (
				1D6058900D05DD3D006BFB54 /* Yorient */,
			);
		};
/* End PBXProject section */

/* Begin PBXResourcesBuildPhase section */
		1D60588D0D05DD3D006BFB54 /* Resources */ = {
			isa = PBXResourcesBuildPhase;
			buildActionMask = 2147483647;
			files = (
				A6BFE087130B7484007D8CA3 /* Default.png in Resources */,
				A6BFE088130B7484007D8CA3 /* focus1.aif in Resources */,
				A6BFE089130B7484007D8CA3 /* focus2.aif in Resources */,
				A6BFE08A130B7484007D8CA3 /* focus3.aif in Resources */,
				A6BFE08B130B7484007D8CA3 /* Icon.png in Resources */,
				A6BFE08C130B7484007D8CA3 /* spot_metrix_logo.jpg in Resources */,
				A6622C06137A21E30002E03D /* FlipsideView.xib in Resources */,
				A6622C08137A21E30002E03D /* MainView.xib in Resources */,
				A6622C0A137A21E30002E03D /* MainWindow.xib in Resources */,
				A6622C1E137A21E30002E03D /* CREDITS in Resources */,
				A6D68FB4137A692A00402D63 /* Debug.xcconfig in Resources */,
				A6D68FB5137A692A00402D63 /* Distribution.xcconfig in Resources */,
				A6D68FB6137A692A00402D63 /* Private.xcconfig in Resources */,
				A6D68FB7137A692A00402D63 /* Release.xcconfig in Resources */,
				A6D68FB8137A692A00402D63 /* Shared.xcconfig in Resources */,
				A64E6BFF137CB5C6003A06B5 /* refresh_button.png in Resources */,
				A64E6C00137CB5C6003A06B5 /* refresh_button@2x.png in Resources */,
				A679301113D7C2D70000ECD7 /* 3dar.plist in Resources */,
				A679301213D7C2D70000ECD7 /* 3dar_logo.png in Resources */,
				A679301313D7C2D70000ECD7 /* 3dar_marker_icon1.png in Resources */,
				A679301413D7C2D70000ECD7 /* 3dar_marker_icon1_focused.png in Resources */,
				A679301513D7C2D70000ECD7 /* 3dar_pano_bg.png in Resources */,
				A679301613D7C2D70000ECD7 /* bubble.png in Resources */,
				A679301713D7C2D70000ECD7 /* cube.obj in Resources */,
				A679301813D7C2D70000ECD7 /* moebius.obj in Resources */,
				A679301913D7C2D70000ECD7 /* sphere.obj in Resources */,
				A679301A13D7C2D70000ECD7 /* star.obj in Resources */,
				A679301B13D7C2D70000ECD7 /* ufo.obj in Resources */,
				A679301D13D7C2D70000ECD7 /* SM3DAR_keys.txt in Resources */,
				A679302A13D7CE2D0000ECD7 /* ar_icon_black_34x34.png in Resources */,
				A679302B13D7CE2D0000ECD7 /* ar_icon_white_34x34.png in Resources */,
			);
			runOnlyForDeploymentPostprocessing = 0;
		};
/* End PBXResourcesBuildPhase section */

/* Begin PBXSourcesBuildPhase section */
		1D60588E0D05DD3D006BFB54 /* Sources */ = {
			isa = PBXSourcesBuildPhase;
			buildActionMask = 2147483647;
			files = (
				1D60589B0D05DD56006BFB54 /* main.m in Sources */,
				A6622C03137A21E30002E03D /* UIApplication_TLCommon.m in Sources */,
				A6622C04137A21E30002E03D /* UIColor_Expanded.m in Sources */,
				A6622C05137A21E30002E03D /* FlipsideView.m in Sources */,
				A6622C07137A21E30002E03D /* FlipsideViewController.m in Sources */,
				A6622C09137A21E30002E03D /* MainViewController.m in Sources */,
				A6622C0B137A21E30002E03D /* YahooLocalSearch.m in Sources */,
				A6622C0C137A21E30002E03D /* YorientAppDelegate.m in Sources */,
				A6622C0D137A21E30002E03D /* BSJSONEncoder.m in Sources */,
				A6622C0E137A21E30002E03D /* NSArray+BSJSONAdditions.m in Sources */,
				A6622C0F137A21E30002E03D /* NSDictionary+BSJSONAdditions.m in Sources */,
				A6622C10137A21E30002E03D /* NSScanner+BSJSONAdditions.m in Sources */,
				A6622C11137A21E30002E03D /* NSString+BSJSONAdditions.m in Sources */,
				A6622C12137A21E30002E03D /* NSDictionary+ParamUtils.m in Sources */,
				A6622C13137A21E30002E03D /* NSObject+InvocationUtils.m in Sources */,
				A6622C14137A21E30002E03D /* NSString+EscapingUtils.m in Sources */,
				A6622C15137A21E30002E03D /* HRFormatJSON.m in Sources */,
				A6622C16137A21E30002E03D /* HRFormatXML.m in Sources */,
				A6622C17137A21E30002E03D /* HRGlobal.m in Sources */,
				A6622C18137A21E30002E03D /* HROperationQueue.m in Sources */,
				A6622C19137A21E30002E03D /* HRRequestOperation.m in Sources */,
				A6622C1A137A21E30002E03D /* HRRestModel.m in Sources */,
				A6622C1B137A21E30002E03D /* HRBase64.m in Sources */,
				A6622C1C137A21E30002E03D /* AIXMLDocumentSerialize.m in Sources */,
				A6622C1D137A21E30002E03D /* AIXMLElementSerialize.m in Sources */,
				A6622C1F137A21E30002E03D /* NSObject+SBJSON.m in Sources */,
				A6622C20137A21E30002E03D /* NSString+SBJSON.m in Sources */,
				A6622C21137A21E30002E03D /* SBJSON.m in Sources */,
				A6622C22137A21E30002E03D /* SBJsonBase.m in Sources */,
				A6622C23137A21E30002E03D /* SBJsonParser.m in Sources */,
				A6622C24137A21E30002E03D /* SBJsonWriter.m in Sources */,
				A6622C25137A21E30002E03D /* DDXMLDocument.m in Sources */,
				A6622C26137A21E30002E03D /* DDXMLElement.m in Sources */,
				A6622C27137A21E30002E03D /* DDXMLElementAdditions.m in Sources */,
				A6622C28137A21E30002E03D /* DDXMLNode.m in Sources */,
				A6622C29137A21E30002E03D /* NSStringAdditions.m in Sources */,
				A6BE263913811F0F000A4A4F /* BirdseyeView.m in Sources */,
			);
			runOnlyForDeploymentPostprocessing = 0;
		};
/* End PBXSourcesBuildPhase section */

/* Begin XCBuildConfiguration section */
		1D6058940D05DD3E006BFB54 /* Debug */ = {
			isa = XCBuildConfiguration;
			buildSettings = {
				ALWAYS_SEARCH_USER_PATHS = NO;
				COPY_PHASE_STRIP = NO;
				FRAMEWORK_SEARCH_PATHS = (
					"$(inherited)",
					"\"$(SRCROOT)/ext\"",
				);
				GCC_DYNAMIC_NO_PIC = NO;
				GCC_OPTIMIZATION_LEVEL = 0;
				GCC_PRECOMPILE_PREFIX_HEADER = YES;
				GCC_PREFIX_HEADER = Yorient_Prefix.pch;
				HEADER_SEARCH_PATHS = /usr/include/libxml2;
				INFOPLIST_FILE = "Yorient-Info.plist";
				LIBRARY_SEARCH_PATHS = (
					"$(inherited)",
					"\"$(SRCROOT)/ext/YAJL.framework/Versions/A\"",
					"\"$(SRCROOT)/../../Library/iOS/build/Debug-iphoneos\"",
					"\"$(SRCROOT)/3DAR/lib\"",
					"\"$(SRCROOT)/3DAR/Lib\"",
				);
				OTHER_LDFLAGS = (
					"-ObjC",
					"-all_load",
					"-lxml2",
					"-lstdc++",
				);
				PRODUCT_NAME = Yorient;
				STANDARD_C_PLUS_PLUS_LIBRARY_TYPE = dynamic;
			};
			name = Debug;
		};
		1D6058950D05DD3E006BFB54 /* Release */ = {
			isa = XCBuildConfiguration;
			buildSettings = {
				ALWAYS_SEARCH_USER_PATHS = NO;
				COPY_PHASE_STRIP = YES;
				FRAMEWORK_SEARCH_PATHS = (
					"$(inherited)",
					"\"$(SRCROOT)/ext\"",
				);
				GCC_PRECOMPILE_PREFIX_HEADER = YES;
				GCC_PREFIX_HEADER = Yorient_Prefix.pch;
				HEADER_SEARCH_PATHS = /usr/include/libxml2;
				INFOPLIST_FILE = "Yorient-Info.plist";
				LIBRARY_SEARCH_PATHS = (
					"$(inherited)",
					"\"$(SRCROOT)/ext/YAJL.framework/Versions/A\"",
					"\"$(SRCROOT)/../../Library/iOS/build/Debug-iphoneos\"",
					"\"$(SRCROOT)/3DAR/lib\"",
					"\"$(SRCROOT)/3DAR/Lib\"",
				);
				OTHER_LDFLAGS = (
					"-ObjC",
					"-all_load",
					"-lxml2",
					"-lstdc++",
				);
				PRODUCT_NAME = Yorient;
				STANDARD_C_PLUS_PLUS_LIBRARY_TYPE = dynamic;
			};
			name = Release;
		};
		C01FCF4F08A954540054247B /* Debug */ = {
			isa = XCBuildConfiguration;
			buildSettings = {
				ARCHS = "$(ARCHS_STANDARD_32_BIT)";
				"CODE_SIGN_IDENTITY[sdk=iphoneos*]" = "iPhone Developer";
				GCC_C_LANGUAGE_STANDARD = c99;
				GCC_WARN_ABOUT_RETURN_TYPE = YES;
				GCC_WARN_UNUSED_VARIABLE = YES;
				HEADER_SEARCH_PATHS = "";
				IPHONEOS_DEPLOYMENT_TARGET = 3.1;
				PREBINDING = NO;
				PRODUCT_NAME = Yorient;
				"PROVISIONING_PROFILE[sdk=iphoneos*]" = "";
				SDKROOT = iphoneos;
			};
			name = Debug;
		};
		C01FCF5008A954540054247B /* Release */ = {
			isa = XCBuildConfiguration;
			buildSettings = {
				ARCHS = "$(ARCHS_STANDARD_32_BIT)";
				"CODE_SIGN_IDENTITY[sdk=iphoneos*]" = "iPhone Distribution: Spot Metrix, Inc.";
				GCC_C_LANGUAGE_STANDARD = c99;
				GCC_WARN_ABOUT_RETURN_TYPE = YES;
				GCC_WARN_UNUSED_VARIABLE = YES;
				HEADER_SEARCH_PATHS = "";
				IPHONEOS_DEPLOYMENT_TARGET = 3.1;
				PREBINDING = NO;
				PRODUCT_NAME = Yorient;
				"PROVISIONING_PROFILE[sdk=iphoneos*]" = "AB03D8E8-8142-4B86-8076-EF896F27052E";
				SDKROOT = iphoneos;
			};
			name = Release;
		};
/* End XCBuildConfiguration section */

/* Begin XCConfigurationList section */
		1D6058960D05DD3E006BFB54 /* Build configuration list for PBXNativeTarget "Yorient" */ = {
			isa = XCConfigurationList;
			buildConfigurations = (
				1D6058940D05DD3E006BFB54 /* Debug */,
				1D6058950D05DD3E006BFB54 /* Release */,
			);
			defaultConfigurationIsVisible = 0;
			defaultConfigurationName = Release;
		};
		C01FCF4E08A954540054247B /* Build configuration list for PBXProject "Yorient" */ = {
			isa = XCConfigurationList;
			buildConfigurations = (
				C01FCF4F08A954540054247B /* Debug */,
				C01FCF5008A954540054247B /* Release */,
			);
			defaultConfigurationIsVisible = 0;
			defaultConfigurationName = Release;
		};
/* End XCConfigurationList section */
	};
	rootObject = 29B97313FDCFA39411CA2CEA /* Project object */;
}
